// !$*UTF8*$!
{
	archiveVersion = 1;
	classes = {
	};
	objectVersion = 46;
	objects = {

/* Begin PBXBuildFile section */
		28A37BA37690E783DE563B5E /* Pods_HKKit_Tests.framework in Frameworks */ = {isa = PBXBuildFile; fileRef = AFDF6BF1D07B00D349550AD3 /* Pods_HKKit_Tests.framework */; };
		562BF2771EBB19F900A3B762 /* HKAlamofireImageView.swift in Sources */ = {isa = PBXBuildFile; fileRef = 562BF2761EBB19F900A3B762 /* HKAlamofireImageView.swift */; };
		566F63E81EB863700010FC22 /* .gitkeep in Resources */ = {isa = PBXBuildFile; fileRef = 566F63C81EB863700010FC22 /* .gitkeep */; };
		566F63E91EB863700010FC22 /* .gitkeep in Resources */ = {isa = PBXBuildFile; fileRef = 566F63CA1EB863700010FC22 /* .gitkeep */; };
		566F63EA1EB863700010FC22 /* Array+Extension.swift in Sources */ = {isa = PBXBuildFile; fileRef = 566F63CD1EB863700010FC22 /* Array+Extension.swift */; };
		566F63EB1EB863700010FC22 /* Dictionary+Extension.swift in Sources */ = {isa = PBXBuildFile; fileRef = 566F63CE1EB863700010FC22 /* Dictionary+Extension.swift */; };
		566F63EC1EB863700010FC22 /* Float+Extension.swift in Sources */ = {isa = PBXBuildFile; fileRef = 566F63CF1EB863700010FC22 /* Float+Extension.swift */; };
		566F63ED1EB863700010FC22 /* NSDate+Extension.swift in Sources */ = {isa = PBXBuildFile; fileRef = 566F63D01EB863700010FC22 /* NSDate+Extension.swift */; };
		566F63EE1EB863700010FC22 /* NSRange+Extension.swift in Sources */ = {isa = PBXBuildFile; fileRef = 566F63D11EB863700010FC22 /* NSRange+Extension.swift */; };
		566F63EF1EB863700010FC22 /* String+Extension.swift in Sources */ = {isa = PBXBuildFile; fileRef = 566F63D21EB863700010FC22 /* String+Extension.swift */; };
		566F63F01EB863700010FC22 /* UIButton+Extension.swift in Sources */ = {isa = PBXBuildFile; fileRef = 566F63D41EB863700010FC22 /* UIButton+Extension.swift */; };
		566F63F11EB863700010FC22 /* UIColor+Extension.swift in Sources */ = {isa = PBXBuildFile; fileRef = 566F63D51EB863700010FC22 /* UIColor+Extension.swift */; };
		566F63F21EB863700010FC22 /* UIImage+Extension.swift in Sources */ = {isa = PBXBuildFile; fileRef = 566F63D61EB863700010FC22 /* UIImage+Extension.swift */; };
		566F63F31EB863700010FC22 /* UIImageView+Extension.swift in Sources */ = {isa = PBXBuildFile; fileRef = 566F63D71EB863700010FC22 /* UIImageView+Extension.swift */; };
		566F63F41EB863700010FC22 /* UILabel+Extension.swift in Sources */ = {isa = PBXBuildFile; fileRef = 566F63D81EB863700010FC22 /* UILabel+Extension.swift */; };
		566F63F51EB863700010FC22 /* UINavigationController+Extension.swift in Sources */ = {isa = PBXBuildFile; fileRef = 566F63D91EB863700010FC22 /* UINavigationController+Extension.swift */; };
		566F63F61EB863700010FC22 /* UISwitch+Extension.swift in Sources */ = {isa = PBXBuildFile; fileRef = 566F63DA1EB863700010FC22 /* UISwitch+Extension.swift */; };
		566F63F71EB863700010FC22 /* UITableViewCell+Extension.swift in Sources */ = {isa = PBXBuildFile; fileRef = 566F63DB1EB863700010FC22 /* UITableViewCell+Extension.swift */; };
		566F63F81EB863700010FC22 /* UITextField+Extension.swift in Sources */ = {isa = PBXBuildFile; fileRef = 566F63DC1EB863700010FC22 /* UITextField+Extension.swift */; };
		566F63F91EB863700010FC22 /* UITextView+Extension.swift in Sources */ = {isa = PBXBuildFile; fileRef = 566F63DD1EB863700010FC22 /* UITextView+Extension.swift */; };
		566F63FA1EB863700010FC22 /* UIView+Extension.swift in Sources */ = {isa = PBXBuildFile; fileRef = 566F63DE1EB863700010FC22 /* UIView+Extension.swift */; };
		566F63FB1EB863700010FC22 /* UIViewController+Extension.swift in Sources */ = {isa = PBXBuildFile; fileRef = 566F63DF1EB863700010FC22 /* UIViewController+Extension.swift */; };
		566F63FC1EB863700010FC22 /* HKConstant.swift in Sources */ = {isa = PBXBuildFile; fileRef = 566F63E11EB863700010FC22 /* HKConstant.swift */; };
		566F63FD1EB863700010FC22 /* HKCardView.swift in Sources */ = {isa = PBXBuildFile; fileRef = 566F63E31EB863700010FC22 /* HKCardView.swift */; };
		566F63FE1EB863700010FC22 /* HKFloatingTextField.swift in Sources */ = {isa = PBXBuildFile; fileRef = 566F63E41EB863700010FC22 /* HKFloatingTextField.swift */; };
		566F63FF1EB863700010FC22 /* HKOprationQueue.swift in Sources */ = {isa = PBXBuildFile; fileRef = 566F63E51EB863700010FC22 /* HKOprationQueue.swift */; };
		566F64001EB863700010FC22 /* HKQueue.swift in Sources */ = {isa = PBXBuildFile; fileRef = 566F63E61EB863700010FC22 /* HKQueue.swift */; };
		566F64011EB863700010FC22 /* HKTextField.swift in Sources */ = {isa = PBXBuildFile; fileRef = 566F63E71EB863700010FC22 /* HKTextField.swift */; };
		607FACEC1AFB9204008FA782 /* Tests.swift in Sources */ = {isa = PBXBuildFile; fileRef = 607FACEB1AFB9204008FA782 /* Tests.swift */; };
/* End PBXBuildFile section */

/* Begin PBXFileReference section */
		08942CA592530F0E49F470F8 /* README.md */ = {isa = PBXFileReference; includeInIndex = 1; lastKnownFileType = net.daringfireball.markdown; name = README.md; path = ../README.md; sourceTree = "<group>"; };
		562BF2761EBB19F900A3B762 /* HKAlamofireImageView.swift */ = {isa = PBXFileReference; fileEncoding = 4; lastKnownFileType = sourcecode.swift; path = HKAlamofireImageView.swift; sourceTree = "<group>"; };
		566F63C81EB863700010FC22 /* .gitkeep */ = {isa = PBXFileReference; fileEncoding = 4; lastKnownFileType = text; path = .gitkeep; sourceTree = "<group>"; };
		566F63CA1EB863700010FC22 /* .gitkeep */ = {isa = PBXFileReference; fileEncoding = 4; lastKnownFileType = text; path = .gitkeep; sourceTree = "<group>"; };
		566F63CD1EB863700010FC22 /* Array+Extension.swift */ = {isa = PBXFileReference; fileEncoding = 4; lastKnownFileType = sourcecode.swift; path = "Array+Extension.swift"; sourceTree = "<group>"; };
		566F63CE1EB863700010FC22 /* Dictionary+Extension.swift */ = {isa = PBXFileReference; fileEncoding = 4; lastKnownFileType = sourcecode.swift; path = "Dictionary+Extension.swift"; sourceTree = "<group>"; };
		566F63CF1EB863700010FC22 /* Float+Extension.swift */ = {isa = PBXFileReference; fileEncoding = 4; lastKnownFileType = sourcecode.swift; path = "Float+Extension.swift"; sourceTree = "<group>"; };
		566F63D01EB863700010FC22 /* NSDate+Extension.swift */ = {isa = PBXFileReference; fileEncoding = 4; lastKnownFileType = sourcecode.swift; path = "NSDate+Extension.swift"; sourceTree = "<group>"; };
		566F63D11EB863700010FC22 /* NSRange+Extension.swift */ = {isa = PBXFileReference; fileEncoding = 4; lastKnownFileType = sourcecode.swift; path = "NSRange+Extension.swift"; sourceTree = "<group>"; };
		566F63D21EB863700010FC22 /* String+Extension.swift */ = {isa = PBXFileReference; fileEncoding = 4; lastKnownFileType = sourcecode.swift; path = "String+Extension.swift"; sourceTree = "<group>"; };
		566F63D41EB863700010FC22 /* UIButton+Extension.swift */ = {isa = PBXFileReference; fileEncoding = 4; lastKnownFileType = sourcecode.swift; path = "UIButton+Extension.swift"; sourceTree = "<group>"; };
		566F63D51EB863700010FC22 /* UIColor+Extension.swift */ = {isa = PBXFileReference; fileEncoding = 4; lastKnownFileType = sourcecode.swift; path = "UIColor+Extension.swift"; sourceTree = "<group>"; };
		566F63D61EB863700010FC22 /* UIImage+Extension.swift */ = {isa = PBXFileReference; fileEncoding = 4; lastKnownFileType = sourcecode.swift; path = "UIImage+Extension.swift"; sourceTree = "<group>"; };
		566F63D71EB863700010FC22 /* UIImageView+Extension.swift */ = {isa = PBXFileReference; fileEncoding = 4; lastKnownFileType = sourcecode.swift; path = "UIImageView+Extension.swift"; sourceTree = "<group>"; };
		566F63D81EB863700010FC22 /* UILabel+Extension.swift */ = {isa = PBXFileReference; fileEncoding = 4; lastKnownFileType = sourcecode.swift; path = "UILabel+Extension.swift"; sourceTree = "<group>"; };
		566F63D91EB863700010FC22 /* UINavigationController+Extension.swift */ = {isa = PBXFileReference; fileEncoding = 4; lastKnownFileType = sourcecode.swift; path = "UINavigationController+Extension.swift"; sourceTree = "<group>"; };
		566F63DA1EB863700010FC22 /* UISwitch+Extension.swift */ = {isa = PBXFileReference; fileEncoding = 4; lastKnownFileType = sourcecode.swift; path = "UISwitch+Extension.swift"; sourceTree = "<group>"; };
		566F63DB1EB863700010FC22 /* UITableViewCell+Extension.swift */ = {isa = PBXFileReference; fileEncoding = 4; lastKnownFileType = sourcecode.swift; path = "UITableViewCell+Extension.swift"; sourceTree = "<group>"; };
		566F63DC1EB863700010FC22 /* UITextField+Extension.swift */ = {isa = PBXFileReference; fileEncoding = 4; lastKnownFileType = sourcecode.swift; path = "UITextField+Extension.swift"; sourceTree = "<group>"; };
		566F63DD1EB863700010FC22 /* UITextView+Extension.swift */ = {isa = PBXFileReference; fileEncoding = 4; lastKnownFileType = sourcecode.swift; path = "UITextView+Extension.swift"; sourceTree = "<group>"; };
		566F63DE1EB863700010FC22 /* UIView+Extension.swift */ = {isa = PBXFileReference; fileEncoding = 4; lastKnownFileType = sourcecode.swift; path = "UIView+Extension.swift"; sourceTree = "<group>"; };
		566F63DF1EB863700010FC22 /* UIViewController+Extension.swift */ = {isa = PBXFileReference; fileEncoding = 4; lastKnownFileType = sourcecode.swift; path = "UIViewController+Extension.swift"; sourceTree = "<group>"; };
		566F63E11EB863700010FC22 /* HKConstant.swift */ = {isa = PBXFileReference; fileEncoding = 4; lastKnownFileType = sourcecode.swift; path = HKConstant.swift; sourceTree = "<group>"; };
		566F63E31EB863700010FC22 /* HKCardView.swift */ = {isa = PBXFileReference; fileEncoding = 4; lastKnownFileType = sourcecode.swift; path = HKCardView.swift; sourceTree = "<group>"; };
		566F63E41EB863700010FC22 /* HKFloatingTextField.swift */ = {isa = PBXFileReference; fileEncoding = 4; lastKnownFileType = sourcecode.swift; path = HKFloatingTextField.swift; sourceTree = "<group>"; };
		566F63E51EB863700010FC22 /* HKOprationQueue.swift */ = {isa = PBXFileReference; fileEncoding = 4; lastKnownFileType = sourcecode.swift; path = HKOprationQueue.swift; sourceTree = "<group>"; };
		566F63E61EB863700010FC22 /* HKQueue.swift */ = {isa = PBXFileReference; fileEncoding = 4; lastKnownFileType = sourcecode.swift; path = HKQueue.swift; sourceTree = "<group>"; };
		566F63E71EB863700010FC22 /* HKTextField.swift */ = {isa = PBXFileReference; fileEncoding = 4; lastKnownFileType = sourcecode.swift; path = HKTextField.swift; sourceTree = "<group>"; };
		607FACE51AFB9204008FA782 /* HKKit_Tests.xctest */ = {isa = PBXFileReference; explicitFileType = wrapper.cfbundle; includeInIndex = 0; path = HKKit_Tests.xctest; sourceTree = BUILT_PRODUCTS_DIR; };
		607FACEA1AFB9204008FA782 /* Info.plist */ = {isa = PBXFileReference; lastKnownFileType = text.plist.xml; path = Info.plist; sourceTree = "<group>"; };
		607FACEB1AFB9204008FA782 /* Tests.swift */ = {isa = PBXFileReference; lastKnownFileType = sourcecode.swift; path = Tests.swift; sourceTree = "<group>"; };
		666AF43E9E6A16AA7A88654B /* Pods-HKKit_Tests.release.xcconfig */ = {isa = PBXFileReference; includeInIndex = 1; lastKnownFileType = text.xcconfig; name = "Pods-HKKit_Tests.release.xcconfig"; path = "Pods/Target Support Files/Pods-HKKit_Tests/Pods-HKKit_Tests.release.xcconfig"; sourceTree = "<group>"; };
		AFDF6BF1D07B00D349550AD3 /* Pods_HKKit_Tests.framework */ = {isa = PBXFileReference; explicitFileType = wrapper.framework; includeInIndex = 0; path = Pods_HKKit_Tests.framework; sourceTree = BUILT_PRODUCTS_DIR; };
		BAE7BC884790CE8F6A5F598F /* Pods-HKKit_Tests.debug.xcconfig */ = {isa = PBXFileReference; includeInIndex = 1; lastKnownFileType = text.xcconfig; name = "Pods-HKKit_Tests.debug.xcconfig"; path = "Pods/Target Support Files/Pods-HKKit_Tests/Pods-HKKit_Tests.debug.xcconfig"; sourceTree = "<group>"; };
		F914C486DF05614FB799BCCB /* LICENSE */ = {isa = PBXFileReference; includeInIndex = 1; lastKnownFileType = text; name = LICENSE; path = ../LICENSE; sourceTree = "<group>"; };
		FAC4F3E95335CA1A11A30459 /* HKKit.podspec */ = {isa = PBXFileReference; includeInIndex = 1; lastKnownFileType = text; name = HKKit.podspec; path = ../HKKit.podspec; sourceTree = "<group>"; };
/* End PBXFileReference section */

/* Begin PBXFrameworksBuildPhase section */
		607FACE21AFB9204008FA782 /* Frameworks */ = {
			isa = PBXFrameworksBuildPhase;
			buildActionMask = 2147483647;
			files = (
				28A37BA37690E783DE563B5E /* Pods_HKKit_Tests.framework in Frameworks */,
			);
			runOnlyForDeploymentPostprocessing = 0;
		};
/* End PBXFrameworksBuildPhase section */

/* Begin PBXGroup section */
		566F63C61EB863700010FC22 /* Pod */ = {
			isa = PBXGroup;
			children = (
				566F63C71EB863700010FC22 /* Assets */,
				566F63C91EB863700010FC22 /* Classes */,
			);
			name = Pod;
			path = ../Pod;
			sourceTree = "<group>";
		};
		566F63C71EB863700010FC22 /* Assets */ = {
			isa = PBXGroup;
			children = (
				566F63C81EB863700010FC22 /* .gitkeep */,
			);
			path = Assets;
			sourceTree = "<group>";
		};
		566F63C91EB863700010FC22 /* Classes */ = {
			isa = PBXGroup;
			children = (
				566F63CA1EB863700010FC22 /* .gitkeep */,
				566F63CB1EB863700010FC22 /* HKExtensions */,
				566F63E01EB863700010FC22 /* HKExtras */,
				566F63E21EB863700010FC22 /* HKSubclass */,
			);
			path = Classes;
			sourceTree = "<group>";
		};
		566F63CB1EB863700010FC22 /* HKExtensions */ = {
			isa = PBXGroup;
			children = (
				566F63CC1EB863700010FC22 /* Foundation+Extension */,
				566F63D31EB863700010FC22 /* UIKit+Extensions */,
			);
			path = HKExtensions;
			sourceTree = "<group>";
		};
		566F63CC1EB863700010FC22 /* Foundation+Extension */ = {
			isa = PBXGroup;
			children = (
				566F63CD1EB863700010FC22 /* Array+Extension.swift */,
				566F63CE1EB863700010FC22 /* Dictionary+Extension.swift */,
				566F63CF1EB863700010FC22 /* Float+Extension.swift */,
				566F63D01EB863700010FC22 /* NSDate+Extension.swift */,
				566F63D11EB863700010FC22 /* NSRange+Extension.swift */,
				566F63D21EB863700010FC22 /* String+Extension.swift */,
			);
			path = "Foundation+Extension";
			sourceTree = "<group>";
		};
		566F63D31EB863700010FC22 /* UIKit+Extensions */ = {
			isa = PBXGroup;
			children = (
				566F63D41EB863700010FC22 /* UIButton+Extension.swift */,
				566F63D51EB863700010FC22 /* UIColor+Extension.swift */,
				566F63D61EB863700010FC22 /* UIImage+Extension.swift */,
				566F63D71EB863700010FC22 /* UIImageView+Extension.swift */,
				566F63D81EB863700010FC22 /* UILabel+Extension.swift */,
				566F63D91EB863700010FC22 /* UINavigationController+Extension.swift */,
				566F63DA1EB863700010FC22 /* UISwitch+Extension.swift */,
				566F63DB1EB863700010FC22 /* UITableViewCell+Extension.swift */,
				566F63DC1EB863700010FC22 /* UITextField+Extension.swift */,
				566F63DD1EB863700010FC22 /* UITextView+Extension.swift */,
				566F63DE1EB863700010FC22 /* UIView+Extension.swift */,
				566F63DF1EB863700010FC22 /* UIViewController+Extension.swift */,
			);
			path = "UIKit+Extensions";
			sourceTree = "<group>";
		};
		566F63E01EB863700010FC22 /* HKExtras */ = {
			isa = PBXGroup;
			children = (
				566F63E11EB863700010FC22 /* HKConstant.swift */,
			);
			path = HKExtras;
			sourceTree = "<group>";
		};
		566F63E21EB863700010FC22 /* HKSubclass */ = {
			isa = PBXGroup;
			children = (
				562BF2761EBB19F900A3B762 /* HKAlamofireImageView.swift */,
				566F63E31EB863700010FC22 /* HKCardView.swift */,
				566F63E41EB863700010FC22 /* HKFloatingTextField.swift */,
				566F63E51EB863700010FC22 /* HKOprationQueue.swift */,
				566F63E61EB863700010FC22 /* HKQueue.swift */,
				566F63E71EB863700010FC22 /* HKTextField.swift */,
			);
			path = HKSubclass;
			sourceTree = "<group>";
		};
		607FACC71AFB9204008FA782 = {
			isa = PBXGroup;
			children = (
				566F63C61EB863700010FC22 /* Pod */,
				607FACF51AFB993E008FA782 /* Podspec Metadata */,
				607FACE81AFB9204008FA782 /* Tests */,
				607FACD11AFB9204008FA782 /* Products */,
				EF85A29B4103435ED23DF558 /* Pods */,
				CDF35AC09A2A9FBFFF949110 /* Frameworks */,
			);
			sourceTree = "<group>";
		};
		607FACD11AFB9204008FA782 /* Products */ = {
			isa = PBXGroup;
			children = (
				607FACE51AFB9204008FA782 /* HKKit_Tests.xctest */,
			);
			name = Products;
			sourceTree = "<group>";
		};
		607FACE81AFB9204008FA782 /* Tests */ = {
			isa = PBXGroup;
			children = (
				607FACEB1AFB9204008FA782 /* Tests.swift */,
				607FACE91AFB9204008FA782 /* Supporting Files */,
			);
			path = Tests;
			sourceTree = "<group>";
		};
		607FACE91AFB9204008FA782 /* Supporting Files */ = {
			isa = PBXGroup;
			children = (
				607FACEA1AFB9204008FA782 /* Info.plist */,
			);
			name = "Supporting Files";
			sourceTree = "<group>";
		};
		607FACF51AFB993E008FA782 /* Podspec Metadata */ = {
			isa = PBXGroup;
			children = (
				FAC4F3E95335CA1A11A30459 /* HKKit.podspec */,
				08942CA592530F0E49F470F8 /* README.md */,
				F914C486DF05614FB799BCCB /* LICENSE */,
			);
			name = "Podspec Metadata";
			sourceTree = "<group>";
		};
		CDF35AC09A2A9FBFFF949110 /* Frameworks */ = {
			isa = PBXGroup;
			children = (
				AFDF6BF1D07B00D349550AD3 /* Pods_HKKit_Tests.framework */,
			);
			name = Frameworks;
			sourceTree = "<group>";
		};
		EF85A29B4103435ED23DF558 /* Pods */ = {
			isa = PBXGroup;
			children = (
				BAE7BC884790CE8F6A5F598F /* Pods-HKKit_Tests.debug.xcconfig */,
				666AF43E9E6A16AA7A88654B /* Pods-HKKit_Tests.release.xcconfig */,
			);
			name = Pods;
			sourceTree = "<group>";
		};
/* End PBXGroup section */

/* Begin PBXNativeTarget section */
		607FACE41AFB9204008FA782 /* HKKit_Tests */ = {
			isa = PBXNativeTarget;
			buildConfigurationList = 607FACF21AFB9204008FA782 /* Build configuration list for PBXNativeTarget "HKKit_Tests" */;
			buildPhases = (
				A35584A663931FC45192013F /* [CP] Check Pods Manifest.lock */,
				607FACE11AFB9204008FA782 /* Sources */,
				607FACE21AFB9204008FA782 /* Frameworks */,
				607FACE31AFB9204008FA782 /* Resources */,
				44254FB50DA258792DB336D7 /* [CP] Embed Pods Frameworks */,
				C1832C891FE879140623D91B /* [CP] Copy Pods Resources */,
			);
			buildRules = (
			);
			dependencies = (
			);
			name = HKKit_Tests;
			productName = Tests;
			productReference = 607FACE51AFB9204008FA782 /* HKKit_Tests.xctest */;
			productType = "com.apple.product-type.bundle.unit-test";
		};
/* End PBXNativeTarget section */

/* Begin PBXProject section */
		607FACC81AFB9204008FA782 /* Project object */ = {
			isa = PBXProject;
			attributes = {
				LastSwiftUpdateCheck = 0710;
				LastUpgradeCheck = 0710;
				ORGANIZATIONNAME = CocoaPods;
				TargetAttributes = {
					607FACE41AFB9204008FA782 = {
						CreatedOnToolsVersion = 6.3.1;
						TestTargetID = 607FACCF1AFB9204008FA782;
					};
				};
			};
			buildConfigurationList = 607FACCB1AFB9204008FA782 /* Build configuration list for PBXProject "HKKit" */;
			compatibilityVersion = "Xcode 3.2";
			developmentRegion = English;
			hasScannedForEncodings = 0;
			knownRegions = (
				en,
				Base,
			);
			mainGroup = 607FACC71AFB9204008FA782;
			productRefGroup = 607FACD11AFB9204008FA782 /* Products */;
			projectDirPath = "";
			projectRoot = "";
			targets = (
				607FACE41AFB9204008FA782 /* HKKit_Tests */,
			);
		};
/* End PBXProject section */

/* Begin PBXResourcesBuildPhase section */
		607FACE31AFB9204008FA782 /* Resources */ = {
			isa = PBXResourcesBuildPhase;
			buildActionMask = 2147483647;
			files = (
				566F63E81EB863700010FC22 /* .gitkeep in Resources */,
				566F63E91EB863700010FC22 /* .gitkeep in Resources */,
			);
			runOnlyForDeploymentPostprocessing = 0;
		};
/* End PBXResourcesBuildPhase section */

/* Begin PBXShellScriptBuildPhase section */
		44254FB50DA258792DB336D7 /* [CP] Embed Pods Frameworks */ = {
			isa = PBXShellScriptBuildPhase;
			buildActionMask = 2147483647;
			files = (
			);
			inputPaths = (
			);
			name = "[CP] Embed Pods Frameworks";
			outputPaths = (
			);
			runOnlyForDeploymentPostprocessing = 0;
			shellPath = /bin/sh;
			shellScript = "\"${SRCROOT}/Pods/Target Support Files/Pods-HKKit_Tests/Pods-HKKit_Tests-frameworks.sh\"\n";
			showEnvVarsInLog = 0;
		};
		A35584A663931FC45192013F /* [CP] Check Pods Manifest.lock */ = {
			isa = PBXShellScriptBuildPhase;
			buildActionMask = 2147483647;
			files = (
			);
			inputPaths = (
			);
			name = "[CP] Check Pods Manifest.lock";
			outputPaths = (
			);
			runOnlyForDeploymentPostprocessing = 0;
			shellPath = /bin/sh;
			shellScript = "diff \"${PODS_PODFILE_DIR_PATH}/Podfile.lock\" \"${PODS_ROOT}/Manifest.lock\" > /dev/null\nif [ $? != 0 ] ; then\n    # print error to STDERR\n    echo \"error: The sandbox is not in sync with the Podfile.lock. Run 'pod install' or update your CocoaPods installation.\" >&2\n    exit 1\nfi\n";
			showEnvVarsInLog = 0;
		};
		C1832C891FE879140623D91B /* [CP] Copy Pods Resources */ = {
			isa = PBXShellScriptBuildPhase;
			buildActionMask = 2147483647;
			files = (
			);
			inputPaths = (
			);
			name = "[CP] Copy Pods Resources";
			outputPaths = (
			);
			runOnlyForDeploymentPostprocessing = 0;
			shellPath = /bin/sh;
			shellScript = "\"${SRCROOT}/Pods/Target Support Files/Pods-HKKit_Tests/Pods-HKKit_Tests-resources.sh\"\n";
			showEnvVarsInLog = 0;
		};
/* End PBXShellScriptBuildPhase section */

/* Begin PBXSourcesBuildPhase section */
		607FACE11AFB9204008FA782 /* Sources */ = {
			isa = PBXSourcesBuildPhase;
			buildActionMask = 2147483647;
			files = (
				607FACEC1AFB9204008FA782 /* Tests.swift in Sources */,
				566F63F71EB863700010FC22 /* UITableViewCell+Extension.swift in Sources */,
				566F63EF1EB863700010FC22 /* String+Extension.swift in Sources */,
				566F63EA1EB863700010FC22 /* Array+Extension.swift in Sources */,
				566F63FD1EB863700010FC22 /* HKCardView.swift in Sources */,
				566F63FC1EB863700010FC22 /* HKConstant.swift in Sources */,
				566F63FE1EB863700010FC22 /* HKFloatingTextField.swift in Sources */,
				566F63F11EB863700010FC22 /* UIColor+Extension.swift in Sources */,
				566F64001EB863700010FC22 /* HKQueue.swift in Sources */,
				566F63F81EB863700010FC22 /* UITextField+Extension.swift in Sources */,
				566F63EE1EB863700010FC22 /* NSRange+Extension.swift in Sources */,
				566F63F51EB863700010FC22 /* UINavigationController+Extension.swift in Sources */,
				566F63FB1EB863700010FC22 /* UIViewController+Extension.swift in Sources */,
				566F63EC1EB863700010FC22 /* Float+Extension.swift in Sources */,
				566F63F61EB863700010FC22 /* UISwitch+Extension.swift in Sources */,
				566F63F01EB863700010FC22 /* UIButton+Extension.swift in Sources */,
				566F63F31EB863700010FC22 /* UIImageView+Extension.swift in Sources */,
				566F64011EB863700010FC22 /* HKTextField.swift in Sources */,
				566F63FA1EB863700010FC22 /* UIView+Extension.swift in Sources */,
				566F63F41EB863700010FC22 /* UILabel+Extension.swift in Sources */,
				562BF2771EBB19F900A3B762 /* HKAlamofireImageView.swift in Sources */,
				566F63F21EB863700010FC22 /* UIImage+Extension.swift in Sources */,
				566F63EB1EB863700010FC22 /* Dictionary+Extension.swift in Sources */,
				566F63FF1EB863700010FC22 /* HKOprationQueue.swift in Sources */,
				566F63F91EB863700010FC22 /* UITextView+Extension.swift in Sources */,
				566F63ED1EB863700010FC22 /* NSDate+Extension.swift in Sources */,
			);
			runOnlyForDeploymentPostprocessing = 0;
		};
/* End PBXSourcesBuildPhase section */

/* Begin XCBuildConfiguration section */
		607FACED1AFB9204008FA782 /* Debug */ = {
			isa = XCBuildConfiguration;
			buildSettings = {
				ALWAYS_SEARCH_USER_PATHS = NO;
				CLANG_CXX_LANGUAGE_STANDARD = "gnu++0x";
				CLANG_CXX_LIBRARY = "libc++";
				CLANG_ENABLE_MODULES = YES;
				CLANG_ENABLE_OBJC_ARC = YES;
				CLANG_WARN_BOOL_CONVERSION = YES;
				CLANG_WARN_CONSTANT_CONVERSION = YES;
				CLANG_WARN_DIRECT_OBJC_ISA_USAGE = YES_ERROR;
				CLANG_WARN_EMPTY_BODY = YES;
				CLANG_WARN_ENUM_CONVERSION = YES;
				CLANG_WARN_INT_CONVERSION = YES;
				CLANG_WARN_OBJC_ROOT_CLASS = YES_ERROR;
				CLANG_WARN_UNREACHABLE_CODE = YES;
				CLANG_WARN__DUPLICATE_METHOD_MATCH = YES;
				"CODE_SIGN_IDENTITY[sdk=iphoneos*]" = "iPhone Developer";
				COPY_PHASE_STRIP = NO;
				DEBUG_INFORMATION_FORMAT = "dwarf-with-dsym";
				ENABLE_STRICT_OBJC_MSGSEND = YES;
				ENABLE_TESTABILITY = YES;
				GCC_C_LANGUAGE_STANDARD = gnu99;
				GCC_DYNAMIC_NO_PIC = NO;
				GCC_NO_COMMON_BLOCKS = YES;
				GCC_OPTIMIZATION_LEVEL = 0;
				GCC_PREPROCESSOR_DEFINITIONS = (
					"DEBUG=1",
					"$(inherited)",
				);
				GCC_SYMBOLS_PRIVATE_EXTERN = NO;
				GCC_WARN_64_TO_32_BIT_CONVERSION = YES;
				GCC_WARN_ABOUT_RETURN_TYPE = YES_ERROR;
				GCC_WARN_UNDECLARED_SELECTOR = YES;
				GCC_WARN_UNINITIALIZED_AUTOS = YES_AGGRESSIVE;
				GCC_WARN_UNUSED_FUNCTION = YES;
				GCC_WARN_UNUSED_VARIABLE = YES;
				IPHONEOS_DEPLOYMENT_TARGET = 8.3;
				MTL_ENABLE_DEBUG_INFO = YES;
				ONLY_ACTIVE_ARCH = YES;
				SDKROOT = iphoneos;
				SWIFT_OPTIMIZATION_LEVEL = "-Onone";
			};
			name = Debug;
		};
		607FACEE1AFB9204008FA782 /* Release */ = {
			isa = XCBuildConfiguration;
			buildSettings = {
				ALWAYS_SEARCH_USER_PATHS = NO;
				CLANG_CXX_LANGUAGE_STANDARD = "gnu++0x";
				CLANG_CXX_LIBRARY = "libc++";
				CLANG_ENABLE_MODULES = YES;
				CLANG_ENABLE_OBJC_ARC = YES;
				CLANG_WARN_BOOL_CONVERSION = YES;
				CLANG_WARN_CONSTANT_CONVERSION = YES;
				CLANG_WARN_DIRECT_OBJC_ISA_USAGE = YES_ERROR;
				CLANG_WARN_EMPTY_BODY = YES;
				CLANG_WARN_ENUM_CONVERSION = YES;
				CLANG_WARN_INT_CONVERSION = YES;
				CLANG_WARN_OBJC_ROOT_CLASS = YES_ERROR;
				CLANG_WARN_UNREACHABLE_CODE = YES;
				CLANG_WARN__DUPLICATE_METHOD_MATCH = YES;
				"CODE_SIGN_IDENTITY[sdk=iphoneos*]" = "iPhone Developer";
				COPY_PHASE_STRIP = NO;
				DEBUG_INFORMATION_FORMAT = "dwarf-with-dsym";
				ENABLE_NS_ASSERTIONS = NO;
				ENABLE_STRICT_OBJC_MSGSEND = YES;
				GCC_C_LANGUAGE_STANDARD = gnu99;
				GCC_NO_COMMON_BLOCKS = YES;
				GCC_WARN_64_TO_32_BIT_CONVERSION = YES;
				GCC_WARN_ABOUT_RETURN_TYPE = YES_ERROR;
				GCC_WARN_UNDECLARED_SELECTOR = YES;
				GCC_WARN_UNINITIALIZED_AUTOS = YES_AGGRESSIVE;
				GCC_WARN_UNUSED_FUNCTION = YES;
				GCC_WARN_UNUSED_VARIABLE = YES;
				IPHONEOS_DEPLOYMENT_TARGET = 8.3;
				MTL_ENABLE_DEBUG_INFO = NO;
				SDKROOT = iphoneos;
				VALIDATE_PRODUCT = YES;
			};
			name = Release;
		};
		607FACF31AFB9204008FA782 /* Debug */ = {
			isa = XCBuildConfiguration;
			baseConfigurationReference = BAE7BC884790CE8F6A5F598F /* Pods-HKKit_Tests.debug.xcconfig */;
			buildSettings = {
				FRAMEWORK_SEARCH_PATHS = "$(inherited)";
				GCC_PREPROCESSOR_DEFINITIONS = (
					"DEBUG=1",
					"$(inherited)",
				);
				INFOPLIST_FILE = Tests/Info.plist;
				LD_RUNPATH_SEARCH_PATHS = "$(inherited) @executable_path/Frameworks @loader_path/Frameworks";
				PRODUCT_BUNDLE_IDENTIFIER = "org.cocoapods.$(PRODUCT_NAME:rfc1034identifier)";
				PRODUCT_NAME = "$(TARGET_NAME)";
				TEST_HOST = "$(BUILT_PRODUCTS_DIR)/HKKit_Example.app/HKKit_Example";
			};
			name = Debug;
		};
		607FACF41AFB9204008FA782 /* Release */ = {
			isa = XCBuildConfiguration;
			baseConfigurationReference = 666AF43E9E6A16AA7A88654B /* Pods-HKKit_Tests.release.xcconfig */;
			buildSettings = {
				FRAMEWORK_SEARCH_PATHS = "$(inherited)";
				INFOPLIST_FILE = Tests/Info.plist;
				LD_RUNPATH_SEARCH_PATHS = "$(inherited) @executable_path/Frameworks @loader_path/Frameworks";
				PRODUCT_BUNDLE_IDENTIFIER = "org.cocoapods.$(PRODUCT_NAME:rfc1034identifier)";
				PRODUCT_NAME = "$(TARGET_NAME)";
				TEST_HOST = "$(BUILT_PRODUCTS_DIR)/HKKit_Example.app/HKKit_Example";
			};
			name = Release;
		};
/* End XCBuildConfiguration section */

/* Begin XCConfigurationList section */
		607FACCB1AFB9204008FA782 /* Build configuration list for PBXProject "HKKit" */ = {
			isa = XCConfigurationList;
			buildConfigurations = (
				607FACED1AFB9204008FA782 /* Debug */,
				607FACEE1AFB9204008FA782 /* Release */,
			);
			defaultConfigurationIsVisible = 0;
			defaultConfigurationName = Release;
		};
		607FACF21AFB9204008FA782 /* Build configuration list for PBXNativeTarget "HKKit_Tests" */ = {
			isa = XCConfigurationList;
			buildConfigurations = (
				607FACF31AFB9204008FA782 /* Debug */,
				607FACF41AFB9204008FA782 /* Release */,
			);
			defaultConfigurationIsVisible = 0;
			defaultConfigurationName = Release;
		};
/* End XCConfigurationList section */
	};
	rootObject = 607FACC81AFB9204008FA782 /* Project object */;
}
