// !$*UTF8*$!
{
	archiveVersion = 1;
	classes = {
	};
	objectVersion = 46;
	objects = {

/* Begin PBXBuildFile section */
		563983FE1BF5CA4C00417BCE /* AppDelegate.swift in Sources */ = {isa = PBXBuildFile; fileRef = 563983FD1BF5CA4C00417BCE /* AppDelegate.swift */; };
		563984001BF5CA4C00417BCE /* ViewController.swift in Sources */ = {isa = PBXBuildFile; fileRef = 563983FF1BF5CA4C00417BCE /* ViewController.swift */; };
		563984031BF5CA4C00417BCE /* Main.storyboard in Resources */ = {isa = PBXBuildFile; fileRef = 563984011BF5CA4C00417BCE /* Main.storyboard */; };
		563984051BF5CA4C00417BCE /* Assets.xcassets in Resources */ = {isa = PBXBuildFile; fileRef = 563984041BF5CA4C00417BCE /* Assets.xcassets */; };
		563984081BF5CA4C00417BCE /* LaunchScreen.storyboard in Resources */ = {isa = PBXBuildFile; fileRef = 563984061BF5CA4C00417BCE /* LaunchScreen.storyboard */; };
		563984511BF5CA9100417BCE /* Array+Extension.swift in Sources */ = {isa = PBXBuildFile; fileRef = 5639843C1BF5CA9100417BCE /* Array+Extension.swift */; };
		563984521BF5CA9100417BCE /* Dictionary+Extension.swift in Sources */ = {isa = PBXBuildFile; fileRef = 5639843D1BF5CA9100417BCE /* Dictionary+Extension.swift */; };
		563984531BF5CA9100417BCE /* Float+Extension.swift in Sources */ = {isa = PBXBuildFile; fileRef = 5639843E1BF5CA9100417BCE /* Float+Extension.swift */; };
		563984541BF5CA9100417BCE /* NSDate+Extension.swift in Sources */ = {isa = PBXBuildFile; fileRef = 5639843F1BF5CA9100417BCE /* NSDate+Extension.swift */; };
		563984551BF5CA9100417BCE /* NSRange+Extension.swift in Sources */ = {isa = PBXBuildFile; fileRef = 563984401BF5CA9100417BCE /* NSRange+Extension.swift */; };
		563984561BF5CA9100417BCE /* String+Extension.swift in Sources */ = {isa = PBXBuildFile; fileRef = 563984411BF5CA9100417BCE /* String+Extension.swift */; };
		563984571BF5CA9100417BCE /* UIButton+Extension.swift in Sources */ = {isa = PBXBuildFile; fileRef = 563984431BF5CA9100417BCE /* UIButton+Extension.swift */; };
		563984581BF5CA9100417BCE /* UIColor+Extension.swift in Sources */ = {isa = PBXBuildFile; fileRef = 563984441BF5CA9100417BCE /* UIColor+Extension.swift */; };
		563984591BF5CA9100417BCE /* UIImage+Extension.swift in Sources */ = {isa = PBXBuildFile; fileRef = 563984451BF5CA9100417BCE /* UIImage+Extension.swift */; };
		5639845A1BF5CA9100417BCE /* UIImageView+Extension.swift in Sources */ = {isa = PBXBuildFile; fileRef = 563984461BF5CA9100417BCE /* UIImageView+Extension.swift */; };
		5639845B1BF5CA9100417BCE /* UILabel+Extension.swift in Sources */ = {isa = PBXBuildFile; fileRef = 563984471BF5CA9100417BCE /* UILabel+Extension.swift */; };
		5639845C1BF5CA9100417BCE /* UINavigationController+Extension.swift in Sources */ = {isa = PBXBuildFile; fileRef = 563984481BF5CA9100417BCE /* UINavigationController+Extension.swift */; };
		5639845D1BF5CA9100417BCE /* UISwitch+Extension.swift in Sources */ = {isa = PBXBuildFile; fileRef = 563984491BF5CA9100417BCE /* UISwitch+Extension.swift */; };
		5639845E1BF5CA9100417BCE /* UITableViewCell+Extension.swift in Sources */ = {isa = PBXBuildFile; fileRef = 5639844A1BF5CA9100417BCE /* UITableViewCell+Extension.swift */; };
		5639845F1BF5CA9100417BCE /* UITextField+Extension.swift in Sources */ = {isa = PBXBuildFile; fileRef = 5639844B1BF5CA9100417BCE /* UITextField+Extension.swift */; };
		563984601BF5CA9100417BCE /* UITextView+Extension.swift in Sources */ = {isa = PBXBuildFile; fileRef = 5639844C1BF5CA9100417BCE /* UITextView+Extension.swift */; };
		563984611BF5CA9100417BCE /* UIView+Extension.swift in Sources */ = {isa = PBXBuildFile; fileRef = 5639844D1BF5CA9100417BCE /* UIView+Extension.swift */; };
		563984621BF5CA9100417BCE /* UIViewController+Extension.swift in Sources */ = {isa = PBXBuildFile; fileRef = 5639844E1BF5CA9100417BCE /* UIViewController+Extension.swift */; };
		563984631BF5CA9100417BCE /* HKTextField.swift in Sources */ = {isa = PBXBuildFile; fileRef = 563984501BF5CA9100417BCE /* HKTextField.swift */; };
		563984661BF5CAD600417BCE /* HKConstant.swift in Sources */ = {isa = PBXBuildFile; fileRef = 563984651BF5CAD600417BCE /* HKConstant.swift */; };
/* End PBXBuildFile section */

/* Begin PBXFileReference section */
		563983FA1BF5CA4B00417BCE /* HKCustomization.app */ = {isa = PBXFileReference; explicitFileType = wrapper.application; includeInIndex = 0; path = HKCustomization.app; sourceTree = BUILT_PRODUCTS_DIR; };
		563983FD1BF5CA4C00417BCE /* AppDelegate.swift */ = {isa = PBXFileReference; lastKnownFileType = sourcecode.swift; path = AppDelegate.swift; sourceTree = "<group>"; };
		563983FF1BF5CA4C00417BCE /* ViewController.swift */ = {isa = PBXFileReference; lastKnownFileType = sourcecode.swift; path = ViewController.swift; sourceTree = "<group>"; };
		563984021BF5CA4C00417BCE /* Base */ = {isa = PBXFileReference; lastKnownFileType = file.storyboard; name = Base; path = Base.lproj/Main.storyboard; sourceTree = "<group>"; };
		563984041BF5CA4C00417BCE /* Assets.xcassets */ = {isa = PBXFileReference; lastKnownFileType = folder.assetcatalog; path = Assets.xcassets; sourceTree = "<group>"; };
		563984071BF5CA4C00417BCE /* Base */ = {isa = PBXFileReference; lastKnownFileType = file.storyboard; name = Base; path = Base.lproj/LaunchScreen.storyboard; sourceTree = "<group>"; };
		563984091BF5CA4C00417BCE /* Info.plist */ = {isa = PBXFileReference; lastKnownFileType = text.plist.xml; path = Info.plist; sourceTree = "<group>"; };
		5639843C1BF5CA9100417BCE /* Array+Extension.swift */ = {isa = PBXFileReference; fileEncoding = 4; lastKnownFileType = sourcecode.swift; path = "Array+Extension.swift"; sourceTree = "<group>"; };
		5639843D1BF5CA9100417BCE /* Dictionary+Extension.swift */ = {isa = PBXFileReference; fileEncoding = 4; lastKnownFileType = sourcecode.swift; path = "Dictionary+Extension.swift"; sourceTree = "<group>"; };
		5639843E1BF5CA9100417BCE /* Float+Extension.swift */ = {isa = PBXFileReference; fileEncoding = 4; lastKnownFileType = sourcecode.swift; path = "Float+Extension.swift"; sourceTree = "<group>"; };
		5639843F1BF5CA9100417BCE /* NSDate+Extension.swift */ = {isa = PBXFileReference; fileEncoding = 4; lastKnownFileType = sourcecode.swift; path = "NSDate+Extension.swift"; sourceTree = "<group>"; };
		563984401BF5CA9100417BCE /* NSRange+Extension.swift */ = {isa = PBXFileReference; fileEncoding = 4; lastKnownFileType = sourcecode.swift; path = "NSRange+Extension.swift"; sourceTree = "<group>"; };
		563984411BF5CA9100417BCE /* String+Extension.swift */ = {isa = PBXFileReference; fileEncoding = 4; lastKnownFileType = sourcecode.swift; path = "String+Extension.swift"; sourceTree = "<group>"; };
		563984431BF5CA9100417BCE /* UIButton+Extension.swift */ = {isa = PBXFileReference; fileEncoding = 4; lastKnownFileType = sourcecode.swift; path = "UIButton+Extension.swift"; sourceTree = "<group>"; };
		563984441BF5CA9100417BCE /* UIColor+Extension.swift */ = {isa = PBXFileReference; fileEncoding = 4; lastKnownFileType = sourcecode.swift; path = "UIColor+Extension.swift"; sourceTree = "<group>"; };
		563984451BF5CA9100417BCE /* UIImage+Extension.swift */ = {isa = PBXFileReference; fileEncoding = 4; lastKnownFileType = sourcecode.swift; path = "UIImage+Extension.swift"; sourceTree = "<group>"; };
		563984461BF5CA9100417BCE /* UIImageView+Extension.swift */ = {isa = PBXFileReference; fileEncoding = 4; lastKnownFileType = sourcecode.swift; path = "UIImageView+Extension.swift"; sourceTree = "<group>"; };
		563984471BF5CA9100417BCE /* UILabel+Extension.swift */ = {isa = PBXFileReference; fileEncoding = 4; lastKnownFileType = sourcecode.swift; path = "UILabel+Extension.swift"; sourceTree = "<group>"; };
		563984481BF5CA9100417BCE /* UINavigationController+Extension.swift */ = {isa = PBXFileReference; fileEncoding = 4; lastKnownFileType = sourcecode.swift; path = "UINavigationController+Extension.swift"; sourceTree = "<group>"; };
		563984491BF5CA9100417BCE /* UISwitch+Extension.swift */ = {isa = PBXFileReference; fileEncoding = 4; lastKnownFileType = sourcecode.swift; path = "UISwitch+Extension.swift"; sourceTree = "<group>"; };
		5639844A1BF5CA9100417BCE /* UITableViewCell+Extension.swift */ = {isa = PBXFileReference; fileEncoding = 4; lastKnownFileType = sourcecode.swift; path = "UITableViewCell+Extension.swift"; sourceTree = "<group>"; };
		5639844B1BF5CA9100417BCE /* UITextField+Extension.swift */ = {isa = PBXFileReference; fileEncoding = 4; lastKnownFileType = sourcecode.swift; path = "UITextField+Extension.swift"; sourceTree = "<group>"; };
		5639844C1BF5CA9100417BCE /* UITextView+Extension.swift */ = {isa = PBXFileReference; fileEncoding = 4; lastKnownFileType = sourcecode.swift; path = "UITextView+Extension.swift"; sourceTree = "<group>"; };
		5639844D1BF5CA9100417BCE /* UIView+Extension.swift */ = {isa = PBXFileReference; fileEncoding = 4; lastKnownFileType = sourcecode.swift; path = "UIView+Extension.swift"; sourceTree = "<group>"; };
		5639844E1BF5CA9100417BCE /* UIViewController+Extension.swift */ = {isa = PBXFileReference; fileEncoding = 4; lastKnownFileType = sourcecode.swift; path = "UIViewController+Extension.swift"; sourceTree = "<group>"; };
		563984501BF5CA9100417BCE /* HKTextField.swift */ = {isa = PBXFileReference; fileEncoding = 4; lastKnownFileType = sourcecode.swift; path = HKTextField.swift; sourceTree = "<group>"; };
		563984651BF5CAD600417BCE /* HKConstant.swift */ = {isa = PBXFileReference; fileEncoding = 4; lastKnownFileType = sourcecode.swift; path = HKConstant.swift; sourceTree = "<group>"; };
/* End PBXFileReference section */

/* Begin PBXFrameworksBuildPhase section */
		563983F71BF5CA4B00417BCE /* Frameworks */ = {
			isa = PBXFrameworksBuildPhase;
			buildActionMask = 2147483647;
			files = (
			);
			runOnlyForDeploymentPostprocessing = 0;
		};
/* End PBXFrameworksBuildPhase section */

/* Begin PBXGroup section */
		563983F11BF5CA4B00417BCE = {
			isa = PBXGroup;
			children = (
				563983FC1BF5CA4C00417BCE /* HKCustomization */,
				563983FB1BF5CA4B00417BCE /* Products */,
			);
			sourceTree = "<group>";
		};
		563983FB1BF5CA4B00417BCE /* Products */ = {
			isa = PBXGroup;
			children = (
				563983FA1BF5CA4B00417BCE /* HKCustomization.app */,
			);
			name = Products;
			sourceTree = "<group>";
		};
		563983FC1BF5CA4C00417BCE /* HKCustomization */ = {
			isa = PBXGroup;
			children = (
				563984391BF5CA9100417BCE /* Source */,
				563983FD1BF5CA4C00417BCE /* AppDelegate.swift */,
				563983FF1BF5CA4C00417BCE /* ViewController.swift */,
				563984011BF5CA4C00417BCE /* Main.storyboard */,
				563984041BF5CA4C00417BCE /* Assets.xcassets */,
				563984061BF5CA4C00417BCE /* LaunchScreen.storyboard */,
				563984091BF5CA4C00417BCE /* Info.plist */,
			);
			path = HKCustomization;
			sourceTree = "<group>";
		};
		563984391BF5CA9100417BCE /* Source */ = {
			isa = PBXGroup;
			children = (
				563984641BF5CAC300417BCE /* HKExtras */,
				5639843A1BF5CA9100417BCE /* HKExtensions */,
				5639844F1BF5CA9100417BCE /* HKSubclass */,
			);
			path = Source;
			sourceTree = "<group>";
		};
		5639843A1BF5CA9100417BCE /* HKExtensions */ = {
			isa = PBXGroup;
			children = (
				5639843B1BF5CA9100417BCE /* Foundation+Extension */,
				563984421BF5CA9100417BCE /* UIKit+Extensions */,
			);
			path = HKExtensions;
			sourceTree = "<group>";
		};
		5639843B1BF5CA9100417BCE /* Foundation+Extension */ = {
			isa = PBXGroup;
			children = (
				5639843C1BF5CA9100417BCE /* Array+Extension.swift */,
				5639843D1BF5CA9100417BCE /* Dictionary+Extension.swift */,
				5639843E1BF5CA9100417BCE /* Float+Extension.swift */,
				5639843F1BF5CA9100417BCE /* NSDate+Extension.swift */,
				563984401BF5CA9100417BCE /* NSRange+Extension.swift */,
				563984411BF5CA9100417BCE /* String+Extension.swift */,
			);
			path = "Foundation+Extension";
			sourceTree = "<group>";
		};
		563984421BF5CA9100417BCE /* UIKit+Extensions */ = {
			isa = PBXGroup;
			children = (
				563984431BF5CA9100417BCE /* UIButton+Extension.swift */,
				563984441BF5CA9100417BCE /* UIColor+Extension.swift */,
				563984451BF5CA9100417BCE /* UIImage+Extension.swift */,
				563984461BF5CA9100417BCE /* UIImageView+Extension.swift */,
				563984471BF5CA9100417BCE /* UILabel+Extension.swift */,
				563984481BF5CA9100417BCE /* UINavigationController+Extension.swift */,
				563984491BF5CA9100417BCE /* UISwitch+Extension.swift */,
				5639844A1BF5CA9100417BCE /* UITableViewCell+Extension.swift */,
				5639844B1BF5CA9100417BCE /* UITextField+Extension.swift */,
				5639844C1BF5CA9100417BCE /* UITextView+Extension.swift */,
				5639844D1BF5CA9100417BCE /* UIView+Extension.swift */,
				5639844E1BF5CA9100417BCE /* UIViewController+Extension.swift */,
			);
			path = "UIKit+Extensions";
			sourceTree = "<group>";
		};
		5639844F1BF5CA9100417BCE /* HKSubclass */ = {
			isa = PBXGroup;
			children = (
				563984501BF5CA9100417BCE /* HKTextField.swift */,
			);
			path = HKSubclass;
			sourceTree = "<group>";
		};
		563984641BF5CAC300417BCE /* HKExtras */ = {
			isa = PBXGroup;
			children = (
				563984651BF5CAD600417BCE /* HKConstant.swift */,
			);
			path = HKExtras;
			sourceTree = "<group>";
		};
/* End PBXGroup section */

/* Begin PBXNativeTarget section */
		563983F91BF5CA4B00417BCE /* HKCustomization */ = {
			isa = PBXNativeTarget;
			buildConfigurationList = 5639840C1BF5CA4C00417BCE /* Build configuration list for PBXNativeTarget "HKCustomization" */;
			buildPhases = (
				563983F61BF5CA4B00417BCE /* Sources */,
				563983F71BF5CA4B00417BCE /* Frameworks */,
				563983F81BF5CA4B00417BCE /* Resources */,
			);
			buildRules = (
			);
			dependencies = (
			);
			name = HKCustomization;
			productName = HKCustomization;
			productReference = 563983FA1BF5CA4B00417BCE /* HKCustomization.app */;
			productType = "com.apple.product-type.application";
		};
/* End PBXNativeTarget section */

/* Begin PBXProject section */
		563983F21BF5CA4B00417BCE /* Project object */ = {
			isa = PBXProject;
			attributes = {
				LastSwiftUpdateCheck = 0710;
				LastUpgradeCheck = 0710;
				ORGANIZATIONNAME = Hardik;
				TargetAttributes = {
					563983F91BF5CA4B00417BCE = {
						CreatedOnToolsVersion = 7.1.1;
					};
				};
			};
			buildConfigurationList = 563983F51BF5CA4B00417BCE /* Build configuration list for PBXProject "HKCustomization" */;
			compatibilityVersion = "Xcode 3.2";
			developmentRegion = English;
			hasScannedForEncodings = 0;
			knownRegions = (
				en,
				Base,
			);
			mainGroup = 563983F11BF5CA4B00417BCE;
			productRefGroup = 563983FB1BF5CA4B00417BCE /* Products */;
			projectDirPath = "";
			projectRoot = "";
			targets = (
				563983F91BF5CA4B00417BCE /* HKCustomization */,
			);
		};
/* End PBXProject section */

/* Begin PBXResourcesBuildPhase section */
		563983F81BF5CA4B00417BCE /* Resources */ = {
			isa = PBXResourcesBuildPhase;
			buildActionMask = 2147483647;
			files = (
				563984081BF5CA4C00417BCE /* LaunchScreen.storyboard in Resources */,
				563984051BF5CA4C00417BCE /* Assets.xcassets in Resources */,
				563984031BF5CA4C00417BCE /* Main.storyboard in Resources */,
			);
			runOnlyForDeploymentPostprocessing = 0;
		};
/* End PBXResourcesBuildPhase section */

/* Begin PBXSourcesBuildPhase section */
		563983F61BF5CA4B00417BCE /* Sources */ = {
			isa = PBXSourcesBuildPhase;
			buildActionMask = 2147483647;
			files = (
				5639845D1BF5CA9100417BCE /* UISwitch+Extension.swift in Sources */,
				563984561BF5CA9100417BCE /* String+Extension.swift in Sources */,
				563984631BF5CA9100417BCE /* HKTextField.swift in Sources */,
				563984541BF5CA9100417BCE /* NSDate+Extension.swift in Sources */,
				5639845E1BF5CA9100417BCE /* UITableViewCell+Extension.swift in Sources */,
				563984511BF5CA9100417BCE /* Array+Extension.swift in Sources */,
				563984661BF5CAD600417BCE /* HKConstant.swift in Sources */,
				563984601BF5CA9100417BCE /* UITextView+Extension.swift in Sources */,
				563984001BF5CA4C00417BCE /* ViewController.swift in Sources */,
				563984551BF5CA9100417BCE /* NSRange+Extension.swift in Sources */,
				563984621BF5CA9100417BCE /* UIViewController+Extension.swift in Sources */,
				563984571BF5CA9100417BCE /* UIButton+Extension.swift in Sources */,
				5639845A1BF5CA9100417BCE /* UIImageView+Extension.swift in Sources */,
				563984531BF5CA9100417BCE /* Float+Extension.swift in Sources */,
				563983FE1BF5CA4C00417BCE /* AppDelegate.swift in Sources */,
				563984611BF5CA9100417BCE /* UIView+Extension.swift in Sources */,
				563984521BF5CA9100417BCE /* Dictionary+Extension.swift in Sources */,
				563984591BF5CA9100417BCE /* UIImage+Extension.swift in Sources */,
				5639845C1BF5CA9100417BCE /* UINavigationController+Extension.swift in Sources */,
				5639845B1BF5CA9100417BCE /* UILabel+Extension.swift in Sources */,
				563984581BF5CA9100417BCE /* UIColor+Extension.swift in Sources */,
				5639845F1BF5CA9100417BCE /* UITextField+Extension.swift in Sources */,
			);
			runOnlyForDeploymentPostprocessing = 0;
		};
/* End PBXSourcesBuildPhase section */

/* Begin PBXVariantGroup section */
		563984011BF5CA4C00417BCE /* Main.storyboard */ = {
			isa = PBXVariantGroup;
			children = (
				563984021BF5CA4C00417BCE /* Base */,
			);
			name = Main.storyboard;
			sourceTree = "<group>";
		};
		563984061BF5CA4C00417BCE /* LaunchScreen.storyboard */ = {
			isa = PBXVariantGroup;
			children = (
				563984071BF5CA4C00417BCE /* Base */,
			);
			name = LaunchScreen.storyboard;
			sourceTree = "<group>";
		};
/* End PBXVariantGroup section */

/* Begin XCBuildConfiguration section */
		5639840A1BF5CA4C00417BCE /* Debug */ = {
			isa = XCBuildConfiguration;
			buildSettings = {
				ALWAYS_SEARCH_USER_PATHS = NO;
				CLANG_CXX_LANGUAGE_STANDARD = "gnu++0x";
				CLANG_CXX_LIBRARY = "libc++";
				CLANG_ENABLE_MODULES = YES;
				CLANG_ENABLE_OBJC_ARC = YES;
				CLANG_WARN_BOOL_CONVERSION = YES;
				CLANG_WARN_CONSTANT_CONVERSION = YES;
				CLANG_WARN_DIRECT_OBJC_ISA_USAGE = YES_ERROR;
				CLANG_WARN_EMPTY_BODY = YES;
				CLANG_WARN_ENUM_CONVERSION = YES;
				CLANG_WARN_INT_CONVERSION = YES;
				CLANG_WARN_OBJC_ROOT_CLASS = YES_ERROR;
				CLANG_WARN_UNREACHABLE_CODE = YES;
				CLANG_WARN__DUPLICATE_METHOD_MATCH = YES;
				"CODE_SIGN_IDENTITY[sdk=iphoneos*]" = "iPhone Developer";
				COPY_PHASE_STRIP = NO;
				DEBUG_INFORMATION_FORMAT = dwarf;
				ENABLE_STRICT_OBJC_MSGSEND = YES;
				ENABLE_TESTABILITY = YES;
				GCC_C_LANGUAGE_STANDARD = gnu99;
				GCC_DYNAMIC_NO_PIC = NO;
				GCC_NO_COMMON_BLOCKS = YES;
				GCC_OPTIMIZATION_LEVEL = 0;
				GCC_PREPROCESSOR_DEFINITIONS = (
					"DEBUG=1",
					"$(inherited)",
				);
				GCC_WARN_64_TO_32_BIT_CONVERSION = YES;
				GCC_WARN_ABOUT_RETURN_TYPE = YES_ERROR;
				GCC_WARN_UNDECLARED_SELECTOR = YES;
				GCC_WARN_UNINITIALIZED_AUTOS = YES_AGGRESSIVE;
				GCC_WARN_UNUSED_FUNCTION = YES;
				GCC_WARN_UNUSED_VARIABLE = YES;
				IPHONEOS_DEPLOYMENT_TARGET = 9.1;
				MTL_ENABLE_DEBUG_INFO = YES;
				ONLY_ACTIVE_ARCH = YES;
				SDKROOT = iphoneos;
				SWIFT_OPTIMIZATION_LEVEL = "-Onone";
				TARGETED_DEVICE_FAMILY = "1,2";
			};
			name = Debug;
		};
		5639840B1BF5CA4C00417BCE /* Release */ = {
			isa = XCBuildConfiguration;
			buildSettings = {
				ALWAYS_SEARCH_USER_PATHS = NO;
				CLANG_CXX_LANGUAGE_STANDARD = "gnu++0x";
				CLANG_CXX_LIBRARY = "libc++";
				CLANG_ENABLE_MODULES = YES;
				CLANG_ENABLE_OBJC_ARC = YES;
				CLANG_WARN_BOOL_CONVERSION = YES;
				CLANG_WARN_CONSTANT_CONVERSION = YES;
				CLANG_WARN_DIRECT_OBJC_ISA_USAGE = YES_ERROR;
				CLANG_WARN_EMPTY_BODY = YES;
				CLANG_WARN_ENUM_CONVERSION = YES;
				CLANG_WARN_INT_CONVERSION = YES;
				CLANG_WARN_OBJC_ROOT_CLASS = YES_ERROR;
				CLANG_WARN_UNREACHABLE_CODE = YES;
				CLANG_WARN__DUPLICATE_METHOD_MATCH = YES;
				"CODE_SIGN_IDENTITY[sdk=iphoneos*]" = "iPhone Developer";
				COPY_PHASE_STRIP = NO;
				DEBUG_INFORMATION_FORMAT = "dwarf-with-dsym";
				ENABLE_NS_ASSERTIONS = NO;
				ENABLE_STRICT_OBJC_MSGSEND = YES;
				GCC_C_LANGUAGE_STANDARD = gnu99;
				GCC_NO_COMMON_BLOCKS = YES;
				GCC_WARN_64_TO_32_BIT_CONVERSION = YES;
				GCC_WARN_ABOUT_RETURN_TYPE = YES_ERROR;
				GCC_WARN_UNDECLARED_SELECTOR = YES;
				GCC_WARN_UNINITIALIZED_AUTOS = YES_AGGRESSIVE;
				GCC_WARN_UNUSED_FUNCTION = YES;
				GCC_WARN_UNUSED_VARIABLE = YES;
				IPHONEOS_DEPLOYMENT_TARGET = 9.1;
				MTL_ENABLE_DEBUG_INFO = NO;
				SDKROOT = iphoneos;
				TARGETED_DEVICE_FAMILY = "1,2";
				VALIDATE_PRODUCT = YES;
			};
			name = Release;
		};
		5639840D1BF5CA4C00417BCE /* Debug */ = {
			isa = XCBuildConfiguration;
			buildSettings = {
				ASSETCATALOG_COMPILER_APPICON_NAME = AppIcon;
				INFOPLIST_FILE = HKCustomization/Info.plist;
				LD_RUNPATH_SEARCH_PATHS = "$(inherited) @executable_path/Frameworks";
				PRODUCT_BUNDLE_IDENTIFIER = shah.HKCustomization;
				PRODUCT_NAME = "$(TARGET_NAME)";
			};
			name = Debug;
		};
		5639840E1BF5CA4C00417BCE /* Release */ = {
			isa = XCBuildConfiguration;
			buildSettings = {
				ASSETCATALOG_COMPILER_APPICON_NAME = AppIcon;
				INFOPLIST_FILE = HKCustomization/Info.plist;
				LD_RUNPATH_SEARCH_PATHS = "$(inherited) @executable_path/Frameworks";
				PRODUCT_BUNDLE_IDENTIFIER = shah.HKCustomization;
				PRODUCT_NAME = "$(TARGET_NAME)";
			};
			name = Release;
		};
/* End XCBuildConfiguration section */

/* Begin XCConfigurationList section */
		563983F51BF5CA4B00417BCE /* Build configuration list for PBXProject "HKCustomization" */ = {
			isa = XCConfigurationList;
			buildConfigurations = (
				5639840A1BF5CA4C00417BCE /* Debug */,
				5639840B1BF5CA4C00417BCE /* Release */,
			);
			defaultConfigurationIsVisible = 0;
			defaultConfigurationName = Release;
		};
		5639840C1BF5CA4C00417BCE /* Build configuration list for PBXNativeTarget "HKCustomization" */ = {
			isa = XCConfigurationList;
			buildConfigurations = (
				5639840D1BF5CA4C00417BCE /* Debug */,
				5639840E1BF5CA4C00417BCE /* Release */,
			);
			defaultConfigurationIsVisible = 0;
		};
/* End XCConfigurationList section */
	};
	rootObject = 563983F21BF5CA4B00417BCE /* Project object */;
}
