// !$*UTF8*$!
{
	archiveVersion = 1;
	classes = {
	};
	objectVersion = 46;
	objects = {

/* Begin PBXAggregateTarget section */
		56B1FF2D1ED43D9B00779B57 /* PODSPEC */ = {
			isa = PBXAggregateTarget;
			buildConfigurationList = 56B1FF2E1ED43D9B00779B57 /* Build configuration list for PBXAggregateTarget "PODSPEC" */;
			buildPhases = (
				56B1FF311ED43D9F00779B57 /* ShellScript */,
			);
			dependencies = (
			);
			name = PODSPEC;
			productName = PODSPEC;
		};
/* End PBXAggregateTarget section */

/* Begin PBXBuildFile section */
		0A02D8761F82852B002C213C /* HKNetworkOperationQueue.swift in Sources */ = {isa = PBXBuildFile; fileRef = 0A02D8751F82852B002C213C /* HKNetworkOperationQueue.swift */; };
		0A02D8781F82B62E002C213C /* HKMultiCastDelegate.swift in Sources */ = {isa = PBXBuildFile; fileRef = 0A02D8771F82B62E002C213C /* HKMultiCastDelegate.swift */; };
		0A0D82C31F69B863006333BE /* HKCalendar.swift in Sources */ = {isa = PBXBuildFile; fileRef = 0A0D82C01F69B863006333BE /* HKCalendar.swift */; };
		0A0D82C71F69B8DF006333BE /* HKEnums.swift in Sources */ = {isa = PBXBuildFile; fileRef = 0A0D82C61F69B8DF006333BE /* HKEnums.swift */; };
		0AC4DEBA1F6AE7B80005D5C5 /* TableViewController.swift in Sources */ = {isa = PBXBuildFile; fileRef = 0AC4DEB81F6AE7B80005D5C5 /* TableViewController.swift */; };
		0AC4DEBB1F6AE7B80005D5C5 /* TableViewController.xib in Resources */ = {isa = PBXBuildFile; fileRef = 0AC4DEB91F6AE7B80005D5C5 /* TableViewController.xib */; };
		0C7BDE6EB37AA2515B2707E8 /* Pods_HKKit.framework in Frameworks */ = {isa = PBXBuildFile; fileRef = 993B90264185297ACF793BF4 /* Pods_HKKit.framework */; };
		1471D3BEEDFBD804D630FD6C /* Pods_Example.framework in Frameworks */ = {isa = PBXBuildFile; fileRef = EFD2341DD447BC4E8770CB06 /* Pods_Example.framework */; };
		561DC8041F6A615D00BE66E5 /* PlanCell.swift in Sources */ = {isa = PBXBuildFile; fileRef = 561DC8021F6A615D00BE66E5 /* PlanCell.swift */; };
		561DC8051F6A615D00BE66E5 /* PlanCell.xib in Resources */ = {isa = PBXBuildFile; fileRef = 561DC8031F6A615D00BE66E5 /* PlanCell.xib */; };
		563025101ED42E5500194856 /* NSMangedObject+Extension.swift in Sources */ = {isa = PBXBuildFile; fileRef = 5630250F1ED42E5500194856 /* NSMangedObject+Extension.swift */; };
		563025121ED42F9300194856 /* UITableView+Extension.swift in Sources */ = {isa = PBXBuildFile; fileRef = 563025111ED42F9300194856 /* UITableView+Extension.swift */; };
		563025141ED4307C00194856 /* UIPickerView+Extension.swift in Sources */ = {isa = PBXBuildFile; fileRef = 563025131ED4307C00194856 /* UIPickerView+Extension.swift */; };
		5662EA941F3054BC00A9D471 /* HKNotificaitonManager.swift in Sources */ = {isa = PBXBuildFile; fileRef = 5662EA931F3054BC00A9D471 /* HKNotificaitonManager.swift */; };
		56631A9F1F628EA7007CAE4C /* HKEmptyCell.swift in Sources */ = {isa = PBXBuildFile; fileRef = 56631A9B1F628EA7007CAE4C /* HKEmptyCell.swift */; };
		56631AA01F628EA7007CAE4C /* HKEmptyCell.xib in Resources */ = {isa = PBXBuildFile; fileRef = 56631A9C1F628EA7007CAE4C /* HKEmptyCell.xib */; };
		56631AA11F628EA7007CAE4C /* HKEmptyView.swift in Sources */ = {isa = PBXBuildFile; fileRef = 56631A9D1F628EA7007CAE4C /* HKEmptyView.swift */; };
		56631AA21F628EA7007CAE4C /* HKEmptyView.xib in Resources */ = {isa = PBXBuildFile; fileRef = 56631A9E1F628EA7007CAE4C /* HKEmptyView.xib */; };
		56631AA51F628F06007CAE4C /* HKViewPager.swift in Sources */ = {isa = PBXBuildFile; fileRef = 56631AA31F628F06007CAE4C /* HKViewPager.swift */; };
		56631AA61F628F06007CAE4C /* HKViewTab.swift in Sources */ = {isa = PBXBuildFile; fileRef = 56631AA41F628F06007CAE4C /* HKViewTab.swift */; };
		56631AA81F62923B007CAE4C /* HKProtocols.swift in Sources */ = {isa = PBXBuildFile; fileRef = 56631AA71F62923B007CAE4C /* HKProtocols.swift */; };
		56631AAA1F62937B007CAE4C /* HKNibView.swift in Sources */ = {isa = PBXBuildFile; fileRef = 56631AA91F62937B007CAE4C /* HKNibView.swift */; };
		5667C9DB1ED57E2400F930AD /* HKTableView.swift in Sources */ = {isa = PBXBuildFile; fileRef = 5667C9DA1ED57E2400F930AD /* HKTableView.swift */; };
		5667C9E31ED5829100F930AD /* AppDelegate.swift in Sources */ = {isa = PBXBuildFile; fileRef = 5667C9E21ED5829100F930AD /* AppDelegate.swift */; };
		5667C9E51ED5829100F930AD /* ViewController.swift in Sources */ = {isa = PBXBuildFile; fileRef = 5667C9E41ED5829100F930AD /* ViewController.swift */; };
		5667C9E81ED5829100F930AD /* Main.storyboard in Resources */ = {isa = PBXBuildFile; fileRef = 5667C9E61ED5829100F930AD /* Main.storyboard */; };
		5667C9EA1ED5829100F930AD /* Assets.xcassets in Resources */ = {isa = PBXBuildFile; fileRef = 5667C9E91ED5829100F930AD /* Assets.xcassets */; };
		5667C9ED1ED5829100F930AD /* LaunchScreen.storyboard in Resources */ = {isa = PBXBuildFile; fileRef = 5667C9EB1ED5829100F930AD /* LaunchScreen.storyboard */; };
		5667C9F41ED59BAD00F930AD /* HKKit.framework in Frameworks */ = {isa = PBXBuildFile; fileRef = 56EBA9411ED06A3A00C743F7 /* HKKit.framework */; };
		5667C9F61ED59E5400F930AD /* HKFunctions.swift in Sources */ = {isa = PBXBuildFile; fileRef = 5667C9F51ED59E5400F930AD /* HKFunctions.swift */; };
		5667C9F81ED5A4C300F930AD /* HKBarButtonItem.swift in Sources */ = {isa = PBXBuildFile; fileRef = 5667C9F71ED5A4C300F930AD /* HKBarButtonItem.swift */; };
		56771D361EF7DD74005FB8EC /* SecondViewController.swift in Sources */ = {isa = PBXBuildFile; fileRef = 56771D351EF7DD74005FB8EC /* SecondViewController.swift */; };
		5678BBC41F7CD4DE000012D1 /* HKOperation.swift in Sources */ = {isa = PBXBuildFile; fileRef = 5678BBC31F7CD4DE000012D1 /* HKOperation.swift */; };
		56B1FF2A1ED437DF00779B57 /* NSObject+Extension.swift in Sources */ = {isa = PBXBuildFile; fileRef = 56B1FF291ED437DF00779B57 /* NSObject+Extension.swift */; };
		56EBA9461ED06A3A00C743F7 /* HKKit.h in Headers */ = {isa = PBXBuildFile; fileRef = 56EBA9441ED06A3A00C743F7 /* HKKit.h */; settings = {ATTRIBUTES = (Public, ); }; };
		56EBA9711ED06A7900C743F7 /* Array+Extension.swift in Sources */ = {isa = PBXBuildFile; fileRef = 56EBA9531ED06A7900C743F7 /* Array+Extension.swift */; };
		56EBA9721ED06A7900C743F7 /* Dictionary+Extension.swift in Sources */ = {isa = PBXBuildFile; fileRef = 56EBA9541ED06A7900C743F7 /* Dictionary+Extension.swift */; };
		56EBA9731ED06A7900C743F7 /* Float+Extension.swift in Sources */ = {isa = PBXBuildFile; fileRef = 56EBA9551ED06A7900C743F7 /* Float+Extension.swift */; };
		56EBA9741ED06A7900C743F7 /* Date+Extension.swift in Sources */ = {isa = PBXBuildFile; fileRef = 56EBA9561ED06A7900C743F7 /* Date+Extension.swift */; };
		56EBA9751ED06A7900C743F7 /* NSRange+Extension.swift in Sources */ = {isa = PBXBuildFile; fileRef = 56EBA9571ED06A7900C743F7 /* NSRange+Extension.swift */; };
		56EBA9761ED06A7900C743F7 /* String+Extension.swift in Sources */ = {isa = PBXBuildFile; fileRef = 56EBA9581ED06A7900C743F7 /* String+Extension.swift */; };
		56EBA9771ED06A7900C743F7 /* UIButton+Extension.swift in Sources */ = {isa = PBXBuildFile; fileRef = 56EBA95A1ED06A7900C743F7 /* UIButton+Extension.swift */; };
		56EBA9781ED06A7900C743F7 /* UIColor+Extension.swift in Sources */ = {isa = PBXBuildFile; fileRef = 56EBA95B1ED06A7900C743F7 /* UIColor+Extension.swift */; };
		56EBA9791ED06A7900C743F7 /* UIImage+Extension.swift in Sources */ = {isa = PBXBuildFile; fileRef = 56EBA95C1ED06A7900C743F7 /* UIImage+Extension.swift */; };
		56EBA97A1ED06A7900C743F7 /* UIImageView+Extension.swift in Sources */ = {isa = PBXBuildFile; fileRef = 56EBA95D1ED06A7900C743F7 /* UIImageView+Extension.swift */; };
		56EBA97B1ED06A7900C743F7 /* UILabel+Extension.swift in Sources */ = {isa = PBXBuildFile; fileRef = 56EBA95E1ED06A7900C743F7 /* UILabel+Extension.swift */; };
		56EBA97C1ED06A7900C743F7 /* UINavigationController+Extension.swift in Sources */ = {isa = PBXBuildFile; fileRef = 56EBA95F1ED06A7900C743F7 /* UINavigationController+Extension.swift */; };
		56EBA97D1ED06A7900C743F7 /* UISwitch+Extension.swift in Sources */ = {isa = PBXBuildFile; fileRef = 56EBA9601ED06A7900C743F7 /* UISwitch+Extension.swift */; };
		56EBA97E1ED06A7900C743F7 /* UITableViewCell+Extension.swift in Sources */ = {isa = PBXBuildFile; fileRef = 56EBA9611ED06A7900C743F7 /* UITableViewCell+Extension.swift */; };
		56EBA97F1ED06A7900C743F7 /* UITextField+Extension.swift in Sources */ = {isa = PBXBuildFile; fileRef = 56EBA9621ED06A7900C743F7 /* UITextField+Extension.swift */; };
		56EBA9801ED06A7900C743F7 /* UITextView+Extension.swift in Sources */ = {isa = PBXBuildFile; fileRef = 56EBA9631ED06A7900C743F7 /* UITextView+Extension.swift */; };
		56EBA9811ED06A7900C743F7 /* UIView+Extension.swift in Sources */ = {isa = PBXBuildFile; fileRef = 56EBA9641ED06A7900C743F7 /* UIView+Extension.swift */; };
		56EBA9821ED06A7900C743F7 /* UIViewController+Extension.swift in Sources */ = {isa = PBXBuildFile; fileRef = 56EBA9651ED06A7900C743F7 /* UIViewController+Extension.swift */; };
		56EBA9831ED06A7900C743F7 /* HKConstant.swift in Sources */ = {isa = PBXBuildFile; fileRef = 56EBA9671ED06A7900C743F7 /* HKConstant.swift */; };
		56EBA9841ED06A7900C743F7 /* HKAlamofireImageView.swift in Sources */ = {isa = PBXBuildFile; fileRef = 56EBA9691ED06A7900C743F7 /* HKAlamofireImageView.swift */; };
		56EBA9851ED06A7900C743F7 /* HKCardView.swift in Sources */ = {isa = PBXBuildFile; fileRef = 56EBA96A1ED06A7900C743F7 /* HKCardView.swift */; };
		56EBA9881ED06A7900C743F7 /* HKQueue.swift in Sources */ = {isa = PBXBuildFile; fileRef = 56EBA96D1ED06A7900C743F7 /* HKQueue.swift */; };
		56EBA9891ED06A7900C743F7 /* HKTextField.swift in Sources */ = {isa = PBXBuildFile; fileRef = 56EBA96E1ED06A7900C743F7 /* HKTextField.swift */; };
		56EBA9CD1ED0778F00C743F7 /* UIBarButtonItem+Extension.swift in Sources */ = {isa = PBXBuildFile; fileRef = 56EBA9CC1ED0778F00C743F7 /* UIBarButtonItem+Extension.swift */; };
		56EBA9CF1ED0780100C743F7 /* Misc+Extension.swift in Sources */ = {isa = PBXBuildFile; fileRef = 56EBA9CE1ED0780100C743F7 /* Misc+Extension.swift */; };
/* End PBXBuildFile section */

/* Begin PBXFileReference section */
		0A02D8751F82852B002C213C /* HKNetworkOperationQueue.swift */ = {isa = PBXFileReference; fileEncoding = 4; lastKnownFileType = sourcecode.swift; path = HKNetworkOperationQueue.swift; sourceTree = "<group>"; };
		0A02D8771F82B62E002C213C /* HKMultiCastDelegate.swift */ = {isa = PBXFileReference; lastKnownFileType = sourcecode.swift; path = HKMultiCastDelegate.swift; sourceTree = "<group>"; };
		0A0D82C01F69B863006333BE /* HKCalendar.swift */ = {isa = PBXFileReference; fileEncoding = 4; lastKnownFileType = sourcecode.swift; path = HKCalendar.swift; sourceTree = "<group>"; };
		0A0D82C61F69B8DF006333BE /* HKEnums.swift */ = {isa = PBXFileReference; fileEncoding = 4; lastKnownFileType = sourcecode.swift; path = HKEnums.swift; sourceTree = "<group>"; };
		0A490E041F6EF7C200AD706D /* MyPlayground.playground */ = {isa = PBXFileReference; lastKnownFileType = file.playground; path = MyPlayground.playground; sourceTree = "<group>"; xcLanguageSpecificationIdentifier = xcode.lang.swift; };
		0AC4DEB81F6AE7B80005D5C5 /* TableViewController.swift */ = {isa = PBXFileReference; fileEncoding = 4; lastKnownFileType = sourcecode.swift; path = TableViewController.swift; sourceTree = "<group>"; };
		0AC4DEB91F6AE7B80005D5C5 /* TableViewController.xib */ = {isa = PBXFileReference; fileEncoding = 4; lastKnownFileType = file.xib; path = TableViewController.xib; sourceTree = "<group>"; };
		561DC8021F6A615D00BE66E5 /* PlanCell.swift */ = {isa = PBXFileReference; fileEncoding = 4; lastKnownFileType = sourcecode.swift; path = PlanCell.swift; sourceTree = "<group>"; };
		561DC8031F6A615D00BE66E5 /* PlanCell.xib */ = {isa = PBXFileReference; fileEncoding = 4; lastKnownFileType = file.xib; path = PlanCell.xib; sourceTree = "<group>"; };
		5630250F1ED42E5500194856 /* NSMangedObject+Extension.swift */ = {isa = PBXFileReference; fileEncoding = 4; lastKnownFileType = sourcecode.swift; path = "NSMangedObject+Extension.swift"; sourceTree = "<group>"; };
		563025111ED42F9300194856 /* UITableView+Extension.swift */ = {isa = PBXFileReference; fileEncoding = 4; lastKnownFileType = sourcecode.swift; path = "UITableView+Extension.swift"; sourceTree = "<group>"; };
		563025131ED4307C00194856 /* UIPickerView+Extension.swift */ = {isa = PBXFileReference; fileEncoding = 4; lastKnownFileType = sourcecode.swift; path = "UIPickerView+Extension.swift"; sourceTree = "<group>"; };
		5662EA931F3054BC00A9D471 /* HKNotificaitonManager.swift */ = {isa = PBXFileReference; fileEncoding = 4; lastKnownFileType = sourcecode.swift; path = HKNotificaitonManager.swift; sourceTree = "<group>"; };
		56631A9B1F628EA7007CAE4C /* HKEmptyCell.swift */ = {isa = PBXFileReference; fileEncoding = 4; lastKnownFileType = sourcecode.swift; path = HKEmptyCell.swift; sourceTree = "<group>"; };
		56631A9C1F628EA7007CAE4C /* HKEmptyCell.xib */ = {isa = PBXFileReference; fileEncoding = 4; lastKnownFileType = file.xib; path = HKEmptyCell.xib; sourceTree = "<group>"; };
		56631A9D1F628EA7007CAE4C /* HKEmptyView.swift */ = {isa = PBXFileReference; fileEncoding = 4; lastKnownFileType = sourcecode.swift; path = HKEmptyView.swift; sourceTree = "<group>"; };
		56631A9E1F628EA7007CAE4C /* HKEmptyView.xib */ = {isa = PBXFileReference; fileEncoding = 4; lastKnownFileType = file.xib; path = HKEmptyView.xib; sourceTree = "<group>"; };
		56631AA31F628F06007CAE4C /* HKViewPager.swift */ = {isa = PBXFileReference; fileEncoding = 4; lastKnownFileType = sourcecode.swift; path = HKViewPager.swift; sourceTree = "<group>"; };
		56631AA41F628F06007CAE4C /* HKViewTab.swift */ = {isa = PBXFileReference; fileEncoding = 4; lastKnownFileType = sourcecode.swift; path = HKViewTab.swift; sourceTree = "<group>"; };
		56631AA71F62923B007CAE4C /* HKProtocols.swift */ = {isa = PBXFileReference; fileEncoding = 4; lastKnownFileType = sourcecode.swift; path = HKProtocols.swift; sourceTree = "<group>"; };
		56631AA91F62937B007CAE4C /* HKNibView.swift */ = {isa = PBXFileReference; fileEncoding = 4; lastKnownFileType = sourcecode.swift; path = HKNibView.swift; sourceTree = "<group>"; };
		5667C9DA1ED57E2400F930AD /* HKTableView.swift */ = {isa = PBXFileReference; fileEncoding = 4; lastKnownFileType = sourcecode.swift; path = HKTableView.swift; sourceTree = "<group>"; };
		5667C9E01ED5829100F930AD /* Example.app */ = {isa = PBXFileReference; explicitFileType = wrapper.application; includeInIndex = 0; path = Example.app; sourceTree = BUILT_PRODUCTS_DIR; };
		5667C9E21ED5829100F930AD /* AppDelegate.swift */ = {isa = PBXFileReference; lastKnownFileType = sourcecode.swift; path = AppDelegate.swift; sourceTree = "<group>"; };
		5667C9E41ED5829100F930AD /* ViewController.swift */ = {isa = PBXFileReference; lastKnownFileType = sourcecode.swift; path = ViewController.swift; sourceTree = "<group>"; };
		5667C9E71ED5829100F930AD /* Base */ = {isa = PBXFileReference; lastKnownFileType = file.storyboard; name = Base; path = Base.lproj/Main.storyboard; sourceTree = "<group>"; };
		5667C9E91ED5829100F930AD /* Assets.xcassets */ = {isa = PBXFileReference; lastKnownFileType = folder.assetcatalog; path = Assets.xcassets; sourceTree = "<group>"; };
		5667C9EC1ED5829100F930AD /* Base */ = {isa = PBXFileReference; lastKnownFileType = file.storyboard; name = Base; path = Base.lproj/LaunchScreen.storyboard; sourceTree = "<group>"; };
		5667C9EE1ED5829100F930AD /* Info.plist */ = {isa = PBXFileReference; lastKnownFileType = text.plist.xml; path = Info.plist; sourceTree = "<group>"; };
		5667C9F51ED59E5400F930AD /* HKFunctions.swift */ = {isa = PBXFileReference; fileEncoding = 4; lastKnownFileType = sourcecode.swift; path = HKFunctions.swift; sourceTree = "<group>"; };
		5667C9F71ED5A4C300F930AD /* HKBarButtonItem.swift */ = {isa = PBXFileReference; fileEncoding = 4; lastKnownFileType = sourcecode.swift; path = HKBarButtonItem.swift; sourceTree = "<group>"; };
		56771D351EF7DD74005FB8EC /* SecondViewController.swift */ = {isa = PBXFileReference; fileEncoding = 4; lastKnownFileType = sourcecode.swift; path = SecondViewController.swift; sourceTree = "<group>"; };
		5678BBC31F7CD4DE000012D1 /* HKOperation.swift */ = {isa = PBXFileReference; fileEncoding = 4; lastKnownFileType = sourcecode.swift; path = HKOperation.swift; sourceTree = "<group>"; };
		56B1FF291ED437DF00779B57 /* NSObject+Extension.swift */ = {isa = PBXFileReference; fileEncoding = 4; lastKnownFileType = sourcecode.swift; path = "NSObject+Extension.swift"; sourceTree = "<group>"; };
		56EBA9411ED06A3A00C743F7 /* HKKit.framework */ = {isa = PBXFileReference; explicitFileType = wrapper.framework; includeInIndex = 0; path = HKKit.framework; sourceTree = BUILT_PRODUCTS_DIR; };
		56EBA9441ED06A3A00C743F7 /* HKKit.h */ = {isa = PBXFileReference; lastKnownFileType = sourcecode.c.h; path = HKKit.h; sourceTree = "<group>"; };
		56EBA9451ED06A3A00C743F7 /* Info.plist */ = {isa = PBXFileReference; lastKnownFileType = text.plist.xml; path = Info.plist; sourceTree = "<group>"; };
		56EBA9531ED06A7900C743F7 /* Array+Extension.swift */ = {isa = PBXFileReference; fileEncoding = 4; lastKnownFileType = sourcecode.swift; path = "Array+Extension.swift"; sourceTree = "<group>"; };
		56EBA9541ED06A7900C743F7 /* Dictionary+Extension.swift */ = {isa = PBXFileReference; fileEncoding = 4; lastKnownFileType = sourcecode.swift; path = "Dictionary+Extension.swift"; sourceTree = "<group>"; };
		56EBA9551ED06A7900C743F7 /* Float+Extension.swift */ = {isa = PBXFileReference; fileEncoding = 4; lastKnownFileType = sourcecode.swift; path = "Float+Extension.swift"; sourceTree = "<group>"; };
		56EBA9561ED06A7900C743F7 /* Date+Extension.swift */ = {isa = PBXFileReference; fileEncoding = 4; lastKnownFileType = sourcecode.swift; path = "Date+Extension.swift"; sourceTree = "<group>"; };
		56EBA9571ED06A7900C743F7 /* NSRange+Extension.swift */ = {isa = PBXFileReference; fileEncoding = 4; lastKnownFileType = sourcecode.swift; path = "NSRange+Extension.swift"; sourceTree = "<group>"; };
		56EBA9581ED06A7900C743F7 /* String+Extension.swift */ = {isa = PBXFileReference; fileEncoding = 4; lastKnownFileType = sourcecode.swift; path = "String+Extension.swift"; sourceTree = "<group>"; };
		56EBA95A1ED06A7900C743F7 /* UIButton+Extension.swift */ = {isa = PBXFileReference; fileEncoding = 4; lastKnownFileType = sourcecode.swift; path = "UIButton+Extension.swift"; sourceTree = "<group>"; };
		56EBA95B1ED06A7900C743F7 /* UIColor+Extension.swift */ = {isa = PBXFileReference; fileEncoding = 4; lastKnownFileType = sourcecode.swift; path = "UIColor+Extension.swift"; sourceTree = "<group>"; };
		56EBA95C1ED06A7900C743F7 /* UIImage+Extension.swift */ = {isa = PBXFileReference; fileEncoding = 4; lastKnownFileType = sourcecode.swift; path = "UIImage+Extension.swift"; sourceTree = "<group>"; };
		56EBA95D1ED06A7900C743F7 /* UIImageView+Extension.swift */ = {isa = PBXFileReference; fileEncoding = 4; lastKnownFileType = sourcecode.swift; path = "UIImageView+Extension.swift"; sourceTree = "<group>"; };
		56EBA95E1ED06A7900C743F7 /* UILabel+Extension.swift */ = {isa = PBXFileReference; fileEncoding = 4; lastKnownFileType = sourcecode.swift; path = "UILabel+Extension.swift"; sourceTree = "<group>"; };
		56EBA95F1ED06A7900C743F7 /* UINavigationController+Extension.swift */ = {isa = PBXFileReference; fileEncoding = 4; lastKnownFileType = sourcecode.swift; path = "UINavigationController+Extension.swift"; sourceTree = "<group>"; };
		56EBA9601ED06A7900C743F7 /* UISwitch+Extension.swift */ = {isa = PBXFileReference; fileEncoding = 4; lastKnownFileType = sourcecode.swift; path = "UISwitch+Extension.swift"; sourceTree = "<group>"; };
		56EBA9611ED06A7900C743F7 /* UITableViewCell+Extension.swift */ = {isa = PBXFileReference; fileEncoding = 4; lastKnownFileType = sourcecode.swift; path = "UITableViewCell+Extension.swift"; sourceTree = "<group>"; };
		56EBA9621ED06A7900C743F7 /* UITextField+Extension.swift */ = {isa = PBXFileReference; fileEncoding = 4; lastKnownFileType = sourcecode.swift; path = "UITextField+Extension.swift"; sourceTree = "<group>"; };
		56EBA9631ED06A7900C743F7 /* UITextView+Extension.swift */ = {isa = PBXFileReference; fileEncoding = 4; lastKnownFileType = sourcecode.swift; path = "UITextView+Extension.swift"; sourceTree = "<group>"; };
		56EBA9641ED06A7900C743F7 /* UIView+Extension.swift */ = {isa = PBXFileReference; fileEncoding = 4; lastKnownFileType = sourcecode.swift; path = "UIView+Extension.swift"; sourceTree = "<group>"; };
		56EBA9651ED06A7900C743F7 /* UIViewController+Extension.swift */ = {isa = PBXFileReference; fileEncoding = 4; lastKnownFileType = sourcecode.swift; path = "UIViewController+Extension.swift"; sourceTree = "<group>"; };
		56EBA9671ED06A7900C743F7 /* HKConstant.swift */ = {isa = PBXFileReference; fileEncoding = 4; lastKnownFileType = sourcecode.swift; path = HKConstant.swift; sourceTree = "<group>"; };
		56EBA9691ED06A7900C743F7 /* HKAlamofireImageView.swift */ = {isa = PBXFileReference; fileEncoding = 4; lastKnownFileType = sourcecode.swift; path = HKAlamofireImageView.swift; sourceTree = "<group>"; };
		56EBA96A1ED06A7900C743F7 /* HKCardView.swift */ = {isa = PBXFileReference; fileEncoding = 4; lastKnownFileType = sourcecode.swift; path = HKCardView.swift; sourceTree = "<group>"; };
		56EBA96D1ED06A7900C743F7 /* HKQueue.swift */ = {isa = PBXFileReference; fileEncoding = 4; lastKnownFileType = sourcecode.swift; path = HKQueue.swift; sourceTree = "<group>"; };
		56EBA96E1ED06A7900C743F7 /* HKTextField.swift */ = {isa = PBXFileReference; fileEncoding = 4; lastKnownFileType = sourcecode.swift; path = HKTextField.swift; sourceTree = "<group>"; };
		56EBA9CA1ED0729200C743F7 /* HKKit.podspec */ = {isa = PBXFileReference; fileEncoding = 4; lastKnownFileType = text; name = HKKit.podspec; path = ../HKKit.podspec; sourceTree = "<group>"; };
		56EBA9CC1ED0778F00C743F7 /* UIBarButtonItem+Extension.swift */ = {isa = PBXFileReference; fileEncoding = 4; lastKnownFileType = sourcecode.swift; path = "UIBarButtonItem+Extension.swift"; sourceTree = "<group>"; };
		56EBA9CE1ED0780100C743F7 /* Misc+Extension.swift */ = {isa = PBXFileReference; fileEncoding = 4; lastKnownFileType = sourcecode.swift; path = "Misc+Extension.swift"; sourceTree = "<group>"; };
		5BE458C5A89AB069791CDFFC /* Pods-Example.release.xcconfig */ = {isa = PBXFileReference; includeInIndex = 1; lastKnownFileType = text.xcconfig; name = "Pods-Example.release.xcconfig"; path = "Pods/Target Support Files/Pods-Example/Pods-Example.release.xcconfig"; sourceTree = "<group>"; };
		993B90264185297ACF793BF4 /* Pods_HKKit.framework */ = {isa = PBXFileReference; explicitFileType = wrapper.framework; includeInIndex = 0; path = Pods_HKKit.framework; sourceTree = BUILT_PRODUCTS_DIR; };
		B9C7544EF7FBAE942F6B1848 /* Pods-Example.debug.xcconfig */ = {isa = PBXFileReference; includeInIndex = 1; lastKnownFileType = text.xcconfig; name = "Pods-Example.debug.xcconfig"; path = "Pods/Target Support Files/Pods-Example/Pods-Example.debug.xcconfig"; sourceTree = "<group>"; };
		C691E96631988767F07F6E5E /* Pods-HKKit.debug.xcconfig */ = {isa = PBXFileReference; includeInIndex = 1; lastKnownFileType = text.xcconfig; name = "Pods-HKKit.debug.xcconfig"; path = "Pods/Target Support Files/Pods-HKKit/Pods-HKKit.debug.xcconfig"; sourceTree = "<group>"; };
		D2385CE64610DE065754A2D6 /* Pods-HKKit.release.xcconfig */ = {isa = PBXFileReference; includeInIndex = 1; lastKnownFileType = text.xcconfig; name = "Pods-HKKit.release.xcconfig"; path = "Pods/Target Support Files/Pods-HKKit/Pods-HKKit.release.xcconfig"; sourceTree = "<group>"; };
		EFD2341DD447BC4E8770CB06 /* Pods_Example.framework */ = {isa = PBXFileReference; explicitFileType = wrapper.framework; includeInIndex = 0; path = Pods_Example.framework; sourceTree = BUILT_PRODUCTS_DIR; };
/* End PBXFileReference section */

/* Begin PBXFrameworksBuildPhase section */
		5667C9DD1ED5829100F930AD /* Frameworks */ = {
			isa = PBXFrameworksBuildPhase;
			buildActionMask = 2147483647;
			files = (
				5667C9F41ED59BAD00F930AD /* HKKit.framework in Frameworks */,
				1471D3BEEDFBD804D630FD6C /* Pods_Example.framework in Frameworks */,
			);
			runOnlyForDeploymentPostprocessing = 0;
		};
		56EBA93D1ED06A3A00C743F7 /* Frameworks */ = {
			isa = PBXFrameworksBuildPhase;
			buildActionMask = 2147483647;
			files = (
				0C7BDE6EB37AA2515B2707E8 /* Pods_HKKit.framework in Frameworks */,
			);
			runOnlyForDeploymentPostprocessing = 0;
		};
/* End PBXFrameworksBuildPhase section */

/* Begin PBXGroup section */
		0A0D82BF1F69B863006333BE /* HKCalendar */ = {
			isa = PBXGroup;
			children = (
				0A0D82C01F69B863006333BE /* HKCalendar.swift */,
			);
			path = HKCalendar;
			sourceTree = "<group>";
		};
		5662EA921F30546A00A9D471 /* HKNotification */ = {
			isa = PBXGroup;
			children = (
				5662EA931F3054BC00A9D471 /* HKNotificaitonManager.swift */,
			);
			path = HKNotification;
			sourceTree = "<group>";
		};
		56631A991F628DF8007CAE4C /* HKViewPager */ = {
			isa = PBXGroup;
			children = (
				56631AA31F628F06007CAE4C /* HKViewPager.swift */,
				56631AA41F628F06007CAE4C /* HKViewTab.swift */,
			);
			path = HKViewPager;
			sourceTree = "<group>";
		};
		56631A9A1F628EA7007CAE4C /* HKEmpty */ = {
			isa = PBXGroup;
			children = (
				56631A9B1F628EA7007CAE4C /* HKEmptyCell.swift */,
				56631A9C1F628EA7007CAE4C /* HKEmptyCell.xib */,
				56631A9D1F628EA7007CAE4C /* HKEmptyView.swift */,
				56631A9E1F628EA7007CAE4C /* HKEmptyView.xib */,
			);
			path = HKEmpty;
			sourceTree = "<group>";
		};
		5667C9E11ED5829100F930AD /* Example */ = {
			isa = PBXGroup;
			children = (
				5667C9E21ED5829100F930AD /* AppDelegate.swift */,
				5667C9E41ED5829100F930AD /* ViewController.swift */,
				5667C9E61ED5829100F930AD /* Main.storyboard */,
				5667C9E91ED5829100F930AD /* Assets.xcassets */,
				5667C9EB1ED5829100F930AD /* LaunchScreen.storyboard */,
				5667C9EE1ED5829100F930AD /* Info.plist */,
				56771D351EF7DD74005FB8EC /* SecondViewController.swift */,
				561DC8021F6A615D00BE66E5 /* PlanCell.swift */,
				561DC8031F6A615D00BE66E5 /* PlanCell.xib */,
				0AC4DEB81F6AE7B80005D5C5 /* TableViewController.swift */,
				0AC4DEB91F6AE7B80005D5C5 /* TableViewController.xib */,
				0A490E041F6EF7C200AD706D /* MyPlayground.playground */,
			);
			path = Example;
			sourceTree = "<group>";
		};
		56EBA9371ED06A3A00C743F7 = {
			isa = PBXGroup;
			children = (
				56EBA9431ED06A3A00C743F7 /* HKKit */,
				5667C9E11ED5829100F930AD /* Example */,
				56EBA9421ED06A3A00C743F7 /* Products */,
				C55CCA9BB222261713DF0784 /* Pods */,
				C2D4E45D2DCFA7C45A3A174F /* Frameworks */,
			);
			sourceTree = "<group>";
		};
		56EBA9421ED06A3A00C743F7 /* Products */ = {
			isa = PBXGroup;
			children = (
				56EBA9411ED06A3A00C743F7 /* HKKit.framework */,
				5667C9E01ED5829100F930AD /* Example.app */,
			);
			name = Products;
			sourceTree = "<group>";
		};
		56EBA9431ED06A3A00C743F7 /* HKKit */ = {
			isa = PBXGroup;
			children = (
				56EBA94C1ED06A7900C743F7 /* Pod */,
				56EBA9441ED06A3A00C743F7 /* HKKit.h */,
				56EBA9451ED06A3A00C743F7 /* Info.plist */,
			);
			path = HKKit;
			sourceTree = "<group>";
		};
		56EBA94C1ED06A7900C743F7 /* Pod */ = {
			isa = PBXGroup;
			children = (
				56EBA9CA1ED0729200C743F7 /* HKKit.podspec */,
				56EBA94F1ED06A7900C743F7 /* Classes */,
			);
			name = Pod;
			path = ../../Pod;
			sourceTree = "<group>";
		};
		56EBA94F1ED06A7900C743F7 /* Classes */ = {
			isa = PBXGroup;
			children = (
				0A0D82BF1F69B863006333BE /* HKCalendar */,
				56631A9A1F628EA7007CAE4C /* HKEmpty */,
				56631A991F628DF8007CAE4C /* HKViewPager */,
				5662EA921F30546A00A9D471 /* HKNotification */,
				56EBA9511ED06A7900C743F7 /* HKExtensions */,
				56EBA9661ED06A7900C743F7 /* HKExtras */,
				56EBA9681ED06A7900C743F7 /* HKSubclass */,
			);
			path = Classes;
			sourceTree = "<group>";
		};
		56EBA9511ED06A7900C743F7 /* HKExtensions */ = {
			isa = PBXGroup;
			children = (
				56EBA9521ED06A7900C743F7 /* Foundation+Extension */,
				56EBA9591ED06A7900C743F7 /* UIKit+Extensions */,
				56EBA9CE1ED0780100C743F7 /* Misc+Extension.swift */,
			);
			path = HKExtensions;
			sourceTree = "<group>";
		};
		56EBA9521ED06A7900C743F7 /* Foundation+Extension */ = {
			isa = PBXGroup;
			children = (
				56EBA9531ED06A7900C743F7 /* Array+Extension.swift */,
				56EBA9541ED06A7900C743F7 /* Dictionary+Extension.swift */,
				56EBA9551ED06A7900C743F7 /* Float+Extension.swift */,
				56EBA9561ED06A7900C743F7 /* Date+Extension.swift */,
				56EBA9571ED06A7900C743F7 /* NSRange+Extension.swift */,
				56EBA9581ED06A7900C743F7 /* String+Extension.swift */,
				5630250F1ED42E5500194856 /* NSMangedObject+Extension.swift */,
				56B1FF291ED437DF00779B57 /* NSObject+Extension.swift */,
			);
			path = "Foundation+Extension";
			sourceTree = "<group>";
		};
		56EBA9591ED06A7900C743F7 /* UIKit+Extensions */ = {
			isa = PBXGroup;
			children = (
				56EBA95A1ED06A7900C743F7 /* UIButton+Extension.swift */,
				56EBA95B1ED06A7900C743F7 /* UIColor+Extension.swift */,
				56EBA95C1ED06A7900C743F7 /* UIImage+Extension.swift */,
				56EBA95D1ED06A7900C743F7 /* UIImageView+Extension.swift */,
				56EBA95E1ED06A7900C743F7 /* UILabel+Extension.swift */,
				56EBA95F1ED06A7900C743F7 /* UINavigationController+Extension.swift */,
				56EBA9601ED06A7900C743F7 /* UISwitch+Extension.swift */,
				56EBA9611ED06A7900C743F7 /* UITableViewCell+Extension.swift */,
				56EBA9621ED06A7900C743F7 /* UITextField+Extension.swift */,
				56EBA9631ED06A7900C743F7 /* UITextView+Extension.swift */,
				56EBA9641ED06A7900C743F7 /* UIView+Extension.swift */,
				56EBA9651ED06A7900C743F7 /* UIViewController+Extension.swift */,
				56EBA9CC1ED0778F00C743F7 /* UIBarButtonItem+Extension.swift */,
				563025111ED42F9300194856 /* UITableView+Extension.swift */,
				563025131ED4307C00194856 /* UIPickerView+Extension.swift */,
			);
			path = "UIKit+Extensions";
			sourceTree = "<group>";
		};
		56EBA9661ED06A7900C743F7 /* HKExtras */ = {
			isa = PBXGroup;
			children = (
				0A0D82C61F69B8DF006333BE /* HKEnums.swift */,
				56631AA91F62937B007CAE4C /* HKNibView.swift */,
				56EBA9671ED06A7900C743F7 /* HKConstant.swift */,
				5667C9F51ED59E5400F930AD /* HKFunctions.swift */,
				56631AA71F62923B007CAE4C /* HKProtocols.swift */,
				0A02D8771F82B62E002C213C /* HKMultiCastDelegate.swift */,
			);
			path = HKExtras;
			sourceTree = "<group>";
		};
		56EBA9681ED06A7900C743F7 /* HKSubclass */ = {
			isa = PBXGroup;
			children = (
				0A02D8751F82852B002C213C /* HKNetworkOperationQueue.swift */,
				5678BBC31F7CD4DE000012D1 /* HKOperation.swift */,
				56EBA9691ED06A7900C743F7 /* HKAlamofireImageView.swift */,
				56EBA96A1ED06A7900C743F7 /* HKCardView.swift */,
				56EBA96E1ED06A7900C743F7 /* HKTextField.swift */,
				56EBA96D1ED06A7900C743F7 /* HKQueue.swift */,
				5667C9DA1ED57E2400F930AD /* HKTableView.swift */,
				5667C9F71ED5A4C300F930AD /* HKBarButtonItem.swift */,
			);
			path = HKSubclass;
			sourceTree = "<group>";
		};
		C2D4E45D2DCFA7C45A3A174F /* Frameworks */ = {
			isa = PBXGroup;
			children = (
				993B90264185297ACF793BF4 /* Pods_HKKit.framework */,
				EFD2341DD447BC4E8770CB06 /* Pods_Example.framework */,
			);
			name = Frameworks;
			sourceTree = "<group>";
		};
		C55CCA9BB222261713DF0784 /* Pods */ = {
			isa = PBXGroup;
			children = (
				C691E96631988767F07F6E5E /* Pods-HKKit.debug.xcconfig */,
				D2385CE64610DE065754A2D6 /* Pods-HKKit.release.xcconfig */,
				B9C7544EF7FBAE942F6B1848 /* Pods-Example.debug.xcconfig */,
				5BE458C5A89AB069791CDFFC /* Pods-Example.release.xcconfig */,
			);
			name = Pods;
			sourceTree = "<group>";
		};
/* End PBXGroup section */

/* Begin PBXHeadersBuildPhase section */
		56EBA93E1ED06A3A00C743F7 /* Headers */ = {
			isa = PBXHeadersBuildPhase;
			buildActionMask = 2147483647;
			files = (
				56EBA9461ED06A3A00C743F7 /* HKKit.h in Headers */,
			);
			runOnlyForDeploymentPostprocessing = 0;
		};
/* End PBXHeadersBuildPhase section */

/* Begin PBXNativeTarget section */
		5667C9DF1ED5829100F930AD /* Example */ = {
			isa = PBXNativeTarget;
			buildConfigurationList = 5667C9F11ED5829100F930AD /* Build configuration list for PBXNativeTarget "Example" */;
			buildPhases = (
				F971ECAF2CD1B7EED3A7DA9C /* [CP] Check Pods Manifest.lock */,
				5667C9DC1ED5829100F930AD /* Sources */,
				5667C9DD1ED5829100F930AD /* Frameworks */,
				5667C9DE1ED5829100F930AD /* Resources */,
				E66D57364F60316880039827 /* [CP] Embed Pods Frameworks */,
				F0888FA8902E79F22FDEEECD /* [CP] Copy Pods Resources */,
			);
			buildRules = (
			);
			dependencies = (
			);
			name = Example;
			productName = Example;
			productReference = 5667C9E01ED5829100F930AD /* Example.app */;
			productType = "com.apple.product-type.application";
		};
		56EBA9401ED06A3A00C743F7 /* HKKit */ = {
			isa = PBXNativeTarget;
			buildConfigurationList = 56EBA9491ED06A3A00C743F7 /* Build configuration list for PBXNativeTarget "HKKit" */;
			buildPhases = (
				8D8949869CE43537BF91D8DB /* [CP] Check Pods Manifest.lock */,
				56EBA93C1ED06A3A00C743F7 /* Sources */,
				56EBA93D1ED06A3A00C743F7 /* Frameworks */,
				56EBA93E1ED06A3A00C743F7 /* Headers */,
				56EBA93F1ED06A3A00C743F7 /* Resources */,
				E677820F958D822D3B0DF0D9 /* [CP] Copy Pods Resources */,
			);
			buildRules = (
			);
			dependencies = (
			);
			name = HKKit;
			productName = HKKit;
			productReference = 56EBA9411ED06A3A00C743F7 /* HKKit.framework */;
			productType = "com.apple.product-type.framework";
		};
/* End PBXNativeTarget section */

/* Begin PBXProject section */
		56EBA9381ED06A3A00C743F7 /* Project object */ = {
			isa = PBXProject;
			attributes = {
				LastSwiftUpdateCheck = 0830;
				LastUpgradeCheck = 0900;
				ORGANIZATIONNAME = Hardik;
				TargetAttributes = {
					5667C9DF1ED5829100F930AD = {
						CreatedOnToolsVersion = 8.3.2;
						DevelopmentTeam = DCAPGXQPW4;
						ProvisioningStyle = Automatic;
					};
					56B1FF2D1ED43D9B00779B57 = {
						CreatedOnToolsVersion = 8.3.2;
						DevelopmentTeam = DCAPGXQPW4;
						ProvisioningStyle = Automatic;
					};
					56EBA9401ED06A3A00C743F7 = {
						CreatedOnToolsVersion = 8.3.2;
						DevelopmentTeam = DCAPGXQPW4;
						LastSwiftMigration = 0900;
						ProvisioningStyle = Automatic;
					};
				};
			};
			buildConfigurationList = 56EBA93B1ED06A3A00C743F7 /* Build configuration list for PBXProject "HKKit" */;
			compatibilityVersion = "Xcode 3.2";
			developmentRegion = English;
			hasScannedForEncodings = 0;
			knownRegions = (
				en,
				Base,
			);
			mainGroup = 56EBA9371ED06A3A00C743F7;
			productRefGroup = 56EBA9421ED06A3A00C743F7 /* Products */;
			projectDirPath = "";
			projectRoot = "";
			targets = (
				56EBA9401ED06A3A00C743F7 /* HKKit */,
				56B1FF2D1ED43D9B00779B57 /* PODSPEC */,
				5667C9DF1ED5829100F930AD /* Example */,
			);
		};
/* End PBXProject section */

/* Begin PBXResourcesBuildPhase section */
		5667C9DE1ED5829100F930AD /* Resources */ = {
			isa = PBXResourcesBuildPhase;
			buildActionMask = 2147483647;
			files = (
				561DC8051F6A615D00BE66E5 /* PlanCell.xib in Resources */,
				5667C9ED1ED5829100F930AD /* LaunchScreen.storyboard in Resources */,
				5667C9EA1ED5829100F930AD /* Assets.xcassets in Resources */,
				0AC4DEBB1F6AE7B80005D5C5 /* TableViewController.xib in Resources */,
				5667C9E81ED5829100F930AD /* Main.storyboard in Resources */,
			);
			runOnlyForDeploymentPostprocessing = 0;
		};
		56EBA93F1ED06A3A00C743F7 /* Resources */ = {
			isa = PBXResourcesBuildPhase;
			buildActionMask = 2147483647;
			files = (
				56631AA01F628EA7007CAE4C /* HKEmptyCell.xib in Resources */,
				56631AA21F628EA7007CAE4C /* HKEmptyView.xib in Resources */,
			);
			runOnlyForDeploymentPostprocessing = 0;
		};
/* End PBXResourcesBuildPhase section */

/* Begin PBXShellScriptBuildPhase section */
		56B1FF311ED43D9F00779B57 /* ShellScript */ = {
			isa = PBXShellScriptBuildPhase;
			buildActionMask = 2147483647;
			files = (
			);
			inputPaths = (
			);
			outputPaths = (
			);
			runOnlyForDeploymentPostprocessing = 0;
			shellPath = /bin/sh;
			shellScript = "pod trunk push ./../HKKit.podspec --allow-warnings --verbose\n";
		};
		8D8949869CE43537BF91D8DB /* [CP] Check Pods Manifest.lock */ = {
			isa = PBXShellScriptBuildPhase;
			buildActionMask = 2147483647;
			files = (
			);
			inputPaths = (
				"${PODS_PODFILE_DIR_PATH}/Podfile.lock",
				"${PODS_ROOT}/Manifest.lock",
			);
			name = "[CP] Check Pods Manifest.lock";
			outputPaths = (
				"$(DERIVED_FILE_DIR)/Pods-HKKit-checkManifestLockResult.txt",
			);
			runOnlyForDeploymentPostprocessing = 0;
			shellPath = /bin/sh;
			shellScript = "diff \"${PODS_PODFILE_DIR_PATH}/Podfile.lock\" \"${PODS_ROOT}/Manifest.lock\" > /dev/null\nif [ $? != 0 ] ; then\n    # print error to STDERR\n    echo \"error: The sandbox is not in sync with the Podfile.lock. Run 'pod install' or update your CocoaPods installation.\" >&2\n    exit 1\nfi\n# This output is used by Xcode 'outputs' to avoid re-running this script phase.\necho \"SUCCESS\" > \"${SCRIPT_OUTPUT_FILE_0}\"\n";
			showEnvVarsInLog = 0;
		};
		E66D57364F60316880039827 /* [CP] Embed Pods Frameworks */ = {
			isa = PBXShellScriptBuildPhase;
			buildActionMask = 2147483647;
			files = (
			);
			inputPaths = (
				"${SRCROOT}/Pods/Target Support Files/Pods-Example/Pods-Example-frameworks.sh",
				"${BUILT_PRODUCTS_DIR}/AFDateHelper/AFDateHelper.framework",
				"${BUILT_PRODUCTS_DIR}/Alamofire/Alamofire.framework",
				"${BUILT_PRODUCTS_DIR}/AlamofireImage/AlamofireImage.framework",
				"${BUILT_PRODUCTS_DIR}/Cartography/Cartography.framework",
				"${BUILT_PRODUCTS_DIR}/DZNEmptyDataSet/DZNEmptyDataSet.framework",
				"${BUILT_PRODUCTS_DIR}/MagicalRecord/MagicalRecord.framework",
				"${BUILT_PRODUCTS_DIR}/SwiftyJSON/SwiftyJSON.framework",
			);
			name = "[CP] Embed Pods Frameworks";
			outputPaths = (
				"${TARGET_BUILD_DIR}/${FRAMEWORKS_FOLDER_PATH}/AFDateHelper.framework",
				"${TARGET_BUILD_DIR}/${FRAMEWORKS_FOLDER_PATH}/Alamofire.framework",
				"${TARGET_BUILD_DIR}/${FRAMEWORKS_FOLDER_PATH}/AlamofireImage.framework",
				"${TARGET_BUILD_DIR}/${FRAMEWORKS_FOLDER_PATH}/Cartography.framework",
				"${TARGET_BUILD_DIR}/${FRAMEWORKS_FOLDER_PATH}/DZNEmptyDataSet.framework",
				"${TARGET_BUILD_DIR}/${FRAMEWORKS_FOLDER_PATH}/MagicalRecord.framework",
				"${TARGET_BUILD_DIR}/${FRAMEWORKS_FOLDER_PATH}/SwiftyJSON.framework",
			);
			runOnlyForDeploymentPostprocessing = 0;
			shellPath = /bin/sh;
			shellScript = "\"${SRCROOT}/Pods/Target Support Files/Pods-Example/Pods-Example-frameworks.sh\"\n";
			showEnvVarsInLog = 0;
		};
		E677820F958D822D3B0DF0D9 /* [CP] Copy Pods Resources */ = {
			isa = PBXShellScriptBuildPhase;
			buildActionMask = 2147483647;
			files = (
			);
			inputPaths = (
			);
			name = "[CP] Copy Pods Resources";
			outputPaths = (
			);
			runOnlyForDeploymentPostprocessing = 0;
			shellPath = /bin/sh;
			shellScript = "\"${SRCROOT}/Pods/Target Support Files/Pods-HKKit/Pods-HKKit-resources.sh\"\n";
			showEnvVarsInLog = 0;
		};
		F0888FA8902E79F22FDEEECD /* [CP] Copy Pods Resources */ = {
			isa = PBXShellScriptBuildPhase;
			buildActionMask = 2147483647;
			files = (
			);
			inputPaths = (
			);
			name = "[CP] Copy Pods Resources";
			outputPaths = (
			);
			runOnlyForDeploymentPostprocessing = 0;
			shellPath = /bin/sh;
			shellScript = "\"${SRCROOT}/Pods/Target Support Files/Pods-Example/Pods-Example-resources.sh\"\n";
			showEnvVarsInLog = 0;
		};
		F971ECAF2CD1B7EED3A7DA9C /* [CP] Check Pods Manifest.lock */ = {
			isa = PBXShellScriptBuildPhase;
			buildActionMask = 2147483647;
			files = (
			);
			inputPaths = (
				"${PODS_PODFILE_DIR_PATH}/Podfile.lock",
				"${PODS_ROOT}/Manifest.lock",
			);
			name = "[CP] Check Pods Manifest.lock";
			outputPaths = (
				"$(DERIVED_FILE_DIR)/Pods-Example-checkManifestLockResult.txt",
			);
			runOnlyForDeploymentPostprocessing = 0;
			shellPath = /bin/sh;
			shellScript = "diff \"${PODS_PODFILE_DIR_PATH}/Podfile.lock\" \"${PODS_ROOT}/Manifest.lock\" > /dev/null\nif [ $? != 0 ] ; then\n    # print error to STDERR\n    echo \"error: The sandbox is not in sync with the Podfile.lock. Run 'pod install' or update your CocoaPods installation.\" >&2\n    exit 1\nfi\n# This output is used by Xcode 'outputs' to avoid re-running this script phase.\necho \"SUCCESS\" > \"${SCRIPT_OUTPUT_FILE_0}\"\n";
			showEnvVarsInLog = 0;
		};
/* End PBXShellScriptBuildPhase section */

/* Begin PBXSourcesBuildPhase section */
		5667C9DC1ED5829100F930AD /* Sources */ = {
			isa = PBXSourcesBuildPhase;
			buildActionMask = 2147483647;
			files = (
				561DC8041F6A615D00BE66E5 /* PlanCell.swift in Sources */,
				56771D361EF7DD74005FB8EC /* SecondViewController.swift in Sources */,
				5667C9E51ED5829100F930AD /* ViewController.swift in Sources */,
				0AC4DEBA1F6AE7B80005D5C5 /* TableViewController.swift in Sources */,
				5667C9E31ED5829100F930AD /* AppDelegate.swift in Sources */,
			);
			runOnlyForDeploymentPostprocessing = 0;
		};
		56EBA93C1ED06A3A00C743F7 /* Sources */ = {
			isa = PBXSourcesBuildPhase;
			buildActionMask = 2147483647;
			files = (
				56EBA9821ED06A7900C743F7 /* UIViewController+Extension.swift in Sources */,
				56631AAA1F62937B007CAE4C /* HKNibView.swift in Sources */,
				56EBA9831ED06A7900C743F7 /* HKConstant.swift in Sources */,
				5667C9DB1ED57E2400F930AD /* HKTableView.swift in Sources */,
				5667C9F81ED5A4C300F930AD /* HKBarButtonItem.swift in Sources */,
				56EBA97F1ED06A7900C743F7 /* UITextField+Extension.swift in Sources */,
				56EBA97B1ED06A7900C743F7 /* UILabel+Extension.swift in Sources */,
				56EBA9851ED06A7900C743F7 /* HKCardView.swift in Sources */,
				56EBA97A1ED06A7900C743F7 /* UIImageView+Extension.swift in Sources */,
				56EBA9741ED06A7900C743F7 /* Date+Extension.swift in Sources */,
				56EBA9881ED06A7900C743F7 /* HKQueue.swift in Sources */,
				56EBA9711ED06A7900C743F7 /* Array+Extension.swift in Sources */,
				56631AA61F628F06007CAE4C /* HKViewTab.swift in Sources */,
				56EBA9751ED06A7900C743F7 /* NSRange+Extension.swift in Sources */,
				56EBA9CF1ED0780100C743F7 /* Misc+Extension.swift in Sources */,
				56EBA97D1ED06A7900C743F7 /* UISwitch+Extension.swift in Sources */,
				5667C9F61ED59E5400F930AD /* HKFunctions.swift in Sources */,
				563025101ED42E5500194856 /* NSMangedObject+Extension.swift in Sources */,
				5678BBC41F7CD4DE000012D1 /* HKOperation.swift in Sources */,
				56631AA51F628F06007CAE4C /* HKViewPager.swift in Sources */,
				563025141ED4307C00194856 /* UIPickerView+Extension.swift in Sources */,
				56EBA9CD1ED0778F00C743F7 /* UIBarButtonItem+Extension.swift in Sources */,
				56EBA9811ED06A7900C743F7 /* UIView+Extension.swift in Sources */,
				56EBA9791ED06A7900C743F7 /* UIImage+Extension.swift in Sources */,
				0A0D82C71F69B8DF006333BE /* HKEnums.swift in Sources */,
				56EBA97E1ED06A7900C743F7 /* UITableViewCell+Extension.swift in Sources */,
				56631A9F1F628EA7007CAE4C /* HKEmptyCell.swift in Sources */,
				56EBA9731ED06A7900C743F7 /* Float+Extension.swift in Sources */,
				0A02D8781F82B62E002C213C /* HKMultiCastDelegate.swift in Sources */,
				0A02D8761F82852B002C213C /* HKNetworkOperationQueue.swift in Sources */,
				563025121ED42F9300194856 /* UITableView+Extension.swift in Sources */,
				56EBA9761ED06A7900C743F7 /* String+Extension.swift in Sources */,
				0A0D82C31F69B863006333BE /* HKCalendar.swift in Sources */,
				56EBA9891ED06A7900C743F7 /* HKTextField.swift in Sources */,
				56EBA9801ED06A7900C743F7 /* UITextView+Extension.swift in Sources */,
				56EBA9721ED06A7900C743F7 /* Dictionary+Extension.swift in Sources */,
				56EBA9771ED06A7900C743F7 /* UIButton+Extension.swift in Sources */,
				56631AA81F62923B007CAE4C /* HKProtocols.swift in Sources */,
				56631AA11F628EA7007CAE4C /* HKEmptyView.swift in Sources */,
				56B1FF2A1ED437DF00779B57 /* NSObject+Extension.swift in Sources */,
				56EBA9781ED06A7900C743F7 /* UIColor+Extension.swift in Sources */,
				56EBA9841ED06A7900C743F7 /* HKAlamofireImageView.swift in Sources */,
				5662EA941F3054BC00A9D471 /* HKNotificaitonManager.swift in Sources */,
				56EBA97C1ED06A7900C743F7 /* UINavigationController+Extension.swift in Sources */,
			);
			runOnlyForDeploymentPostprocessing = 0;
		};
/* End PBXSourcesBuildPhase section */

/* Begin PBXVariantGroup section */
		5667C9E61ED5829100F930AD /* Main.storyboard */ = {
			isa = PBXVariantGroup;
			children = (
				5667C9E71ED5829100F930AD /* Base */,
			);
			name = Main.storyboard;
			sourceTree = "<group>";
		};
		5667C9EB1ED5829100F930AD /* LaunchScreen.storyboard */ = {
			isa = PBXVariantGroup;
			children = (
				5667C9EC1ED5829100F930AD /* Base */,
			);
			name = LaunchScreen.storyboard;
			sourceTree = "<group>";
		};
/* End PBXVariantGroup section */

/* Begin XCBuildConfiguration section */
		5667C9EF1ED5829100F930AD /* Debug */ = {
			isa = XCBuildConfiguration;
			baseConfigurationReference = B9C7544EF7FBAE942F6B1848 /* Pods-Example.debug.xcconfig */;
			buildSettings = {
				ASSETCATALOG_COMPILER_APPICON_NAME = AppIcon;
				DEVELOPMENT_TEAM = DCAPGXQPW4;
				INFOPLIST_FILE = Example/Info.plist;
				IPHONEOS_DEPLOYMENT_TARGET = 9.0;
				LD_RUNPATH_SEARCH_PATHS = "$(inherited) @executable_path/Frameworks";
				PRODUCT_BUNDLE_IDENTIFIER = com.Example.hkkit;
				PRODUCT_NAME = "$(TARGET_NAME)";
				SWIFT_VERSION = 4.0;
			};
			name = Debug;
		};
		5667C9F01ED5829100F930AD /* Release */ = {
			isa = XCBuildConfiguration;
			baseConfigurationReference = 5BE458C5A89AB069791CDFFC /* Pods-Example.release.xcconfig */;
			buildSettings = {
				ASSETCATALOG_COMPILER_APPICON_NAME = AppIcon;
				DEVELOPMENT_TEAM = DCAPGXQPW4;
				INFOPLIST_FILE = Example/Info.plist;
				IPHONEOS_DEPLOYMENT_TARGET = 9.0;
				LD_RUNPATH_SEARCH_PATHS = "$(inherited) @executable_path/Frameworks";
				PRODUCT_BUNDLE_IDENTIFIER = com.Example.hkkit;
				PRODUCT_NAME = "$(TARGET_NAME)";
				SWIFT_VERSION = 4.0;
			};
			name = Release;
		};
		56B1FF2F1ED43D9B00779B57 /* Debug */ = {
			isa = XCBuildConfiguration;
			buildSettings = {
				DEVELOPMENT_TEAM = DCAPGXQPW4;
				PRODUCT_NAME = "$(TARGET_NAME)";
			};
			name = Debug;
		};
		56B1FF301ED43D9B00779B57 /* Release */ = {
			isa = XCBuildConfiguration;
			buildSettings = {
				DEVELOPMENT_TEAM = DCAPGXQPW4;
				PRODUCT_NAME = "$(TARGET_NAME)";
			};
			name = Release;
		};
		56EBA9471ED06A3A00C743F7 /* Debug */ = {
			isa = XCBuildConfiguration;
			buildSettings = {
				ALWAYS_SEARCH_USER_PATHS = NO;
				CLANG_ANALYZER_NONNULL = YES;
				CLANG_ANALYZER_NUMBER_OBJECT_CONVERSION = YES_AGGRESSIVE;
				CLANG_CXX_LANGUAGE_STANDARD = "gnu++0x";
				CLANG_CXX_LIBRARY = "libc++";
				CLANG_ENABLE_MODULES = YES;
				CLANG_ENABLE_OBJC_ARC = YES;
				CLANG_WARN_BLOCK_CAPTURE_AUTORELEASING = YES;
				CLANG_WARN_BOOL_CONVERSION = YES;
				CLANG_WARN_COMMA = YES;
				CLANG_WARN_CONSTANT_CONVERSION = YES;
				CLANG_WARN_DIRECT_OBJC_ISA_USAGE = YES_ERROR;
				CLANG_WARN_DOCUMENTATION_COMMENTS = YES;
				CLANG_WARN_EMPTY_BODY = YES;
				CLANG_WARN_ENUM_CONVERSION = YES;
				CLANG_WARN_INFINITE_RECURSION = YES;
				CLANG_WARN_INT_CONVERSION = YES;
				CLANG_WARN_NON_LITERAL_NULL_CONVERSION = YES;
				CLANG_WARN_OBJC_LITERAL_CONVERSION = YES;
				CLANG_WARN_OBJC_ROOT_CLASS = YES_ERROR;
				CLANG_WARN_RANGE_LOOP_ANALYSIS = YES;
				CLANG_WARN_STRICT_PROTOTYPES = YES;
				CLANG_WARN_SUSPICIOUS_MOVE = YES;
				CLANG_WARN_UNREACHABLE_CODE = YES;
				CLANG_WARN__DUPLICATE_METHOD_MATCH = YES;
				"CODE_SIGN_IDENTITY[sdk=iphoneos*]" = "iPhone Developer";
				COPY_PHASE_STRIP = NO;
				CURRENT_PROJECT_VERSION = 1;
				DEBUG_INFORMATION_FORMAT = dwarf;
				ENABLE_STRICT_OBJC_MSGSEND = YES;
				ENABLE_TESTABILITY = YES;
				GCC_C_LANGUAGE_STANDARD = gnu99;
				GCC_DYNAMIC_NO_PIC = NO;
				GCC_NO_COMMON_BLOCKS = YES;
				GCC_OPTIMIZATION_LEVEL = 0;
				GCC_PREPROCESSOR_DEFINITIONS = (
					"DEBUG=1",
					"$(inherited)",
				);
				GCC_WARN_64_TO_32_BIT_CONVERSION = YES;
				GCC_WARN_ABOUT_RETURN_TYPE = YES_ERROR;
				GCC_WARN_UNDECLARED_SELECTOR = YES;
				GCC_WARN_UNINITIALIZED_AUTOS = YES_AGGRESSIVE;
				GCC_WARN_UNUSED_FUNCTION = YES;
				GCC_WARN_UNUSED_VARIABLE = YES;
				IPHONEOS_DEPLOYMENT_TARGET = 10.3;
				MTL_ENABLE_DEBUG_INFO = YES;
				ONLY_ACTIVE_ARCH = YES;
				SDKROOT = iphoneos;
				SWIFT_ACTIVE_COMPILATION_CONDITIONS = DEBUG;
				SWIFT_OPTIMIZATION_LEVEL = "-Onone";
				TARGETED_DEVICE_FAMILY = "1,2";
				VERSIONING_SYSTEM = "apple-generic";
				VERSION_INFO_PREFIX = "";
			};
			name = Debug;
		};
		56EBA9481ED06A3A00C743F7 /* Release */ = {
			isa = XCBuildConfiguration;
			buildSettings = {
				ALWAYS_SEARCH_USER_PATHS = NO;
				CLANG_ANALYZER_NONNULL = YES;
				CLANG_ANALYZER_NUMBER_OBJECT_CONVERSION = YES_AGGRESSIVE;
				CLANG_CXX_LANGUAGE_STANDARD = "gnu++0x";
				CLANG_CXX_LIBRARY = "libc++";
				CLANG_ENABLE_MODULES = YES;
				CLANG_ENABLE_OBJC_ARC = YES;
				CLANG_WARN_BLOCK_CAPTURE_AUTORELEASING = YES;
				CLANG_WARN_BOOL_CONVERSION = YES;
				CLANG_WARN_COMMA = YES;
				CLANG_WARN_CONSTANT_CONVERSION = YES;
				CLANG_WARN_DIRECT_OBJC_ISA_USAGE = YES_ERROR;
				CLANG_WARN_DOCUMENTATION_COMMENTS = YES;
				CLANG_WARN_EMPTY_BODY = YES;
				CLANG_WARN_ENUM_CONVERSION = YES;
				CLANG_WARN_INFINITE_RECURSION = YES;
				CLANG_WARN_INT_CONVERSION = YES;
				CLANG_WARN_NON_LITERAL_NULL_CONVERSION = YES;
				CLANG_WARN_OBJC_LITERAL_CONVERSION = YES;
				CLANG_WARN_OBJC_ROOT_CLASS = YES_ERROR;
				CLANG_WARN_RANGE_LOOP_ANALYSIS = YES;
				CLANG_WARN_STRICT_PROTOTYPES = YES;
				CLANG_WARN_SUSPICIOUS_MOVE = YES;
				CLANG_WARN_UNREACHABLE_CODE = YES;
				CLANG_WARN__DUPLICATE_METHOD_MATCH = YES;
				"CODE_SIGN_IDENTITY[sdk=iphoneos*]" = "iPhone Developer";
				COPY_PHASE_STRIP = NO;
				CURRENT_PROJECT_VERSION = 1;
				DEBUG_INFORMATION_FORMAT = "dwarf-with-dsym";
				ENABLE_NS_ASSERTIONS = NO;
				ENABLE_STRICT_OBJC_MSGSEND = YES;
				GCC_C_LANGUAGE_STANDARD = gnu99;
				GCC_NO_COMMON_BLOCKS = YES;
				GCC_WARN_64_TO_32_BIT_CONVERSION = YES;
				GCC_WARN_ABOUT_RETURN_TYPE = YES_ERROR;
				GCC_WARN_UNDECLARED_SELECTOR = YES;
				GCC_WARN_UNINITIALIZED_AUTOS = YES_AGGRESSIVE;
				GCC_WARN_UNUSED_FUNCTION = YES;
				GCC_WARN_UNUSED_VARIABLE = YES;
				IPHONEOS_DEPLOYMENT_TARGET = 10.3;
				MTL_ENABLE_DEBUG_INFO = NO;
				SDKROOT = iphoneos;
				SWIFT_OPTIMIZATION_LEVEL = "-Owholemodule";
				TARGETED_DEVICE_FAMILY = "1,2";
				VALIDATE_PRODUCT = YES;
				VERSIONING_SYSTEM = "apple-generic";
				VERSION_INFO_PREFIX = "";
			};
			name = Release;
		};
		56EBA94A1ED06A3A00C743F7 /* Debug */ = {
			isa = XCBuildConfiguration;
			baseConfigurationReference = C691E96631988767F07F6E5E /* Pods-HKKit.debug.xcconfig */;
			buildSettings = {
				CODE_SIGN_IDENTITY = "";
				DEFINES_MODULE = YES;
				DEVELOPMENT_TEAM = DCAPGXQPW4;
				DYLIB_COMPATIBILITY_VERSION = 1;
				DYLIB_CURRENT_VERSION = 1;
				DYLIB_INSTALL_NAME_BASE = "@rpath";
				INFOPLIST_FILE = HKKit/Info.plist;
				INSTALL_PATH = "$(LOCAL_LIBRARY_DIR)/Frameworks";
				IPHONEOS_DEPLOYMENT_TARGET = 9.0;
				LD_RUNPATH_SEARCH_PATHS = "$(inherited) @executable_path/Frameworks @loader_path/Frameworks";
				PRODUCT_BUNDLE_IDENTIFIER = com.HKKit;
				PRODUCT_NAME = "$(TARGET_NAME)";
				SKIP_INSTALL = YES;
				SWIFT_SWIFT3_OBJC_INFERENCE = On;
				SWIFT_VERSION = 4.0;
			};
			name = Debug;
		};
		56EBA94B1ED06A3A00C743F7 /* Release */ = {
			isa = XCBuildConfiguration;
			baseConfigurationReference = D2385CE64610DE065754A2D6 /* Pods-HKKit.release.xcconfig */;
			buildSettings = {
				CODE_SIGN_IDENTITY = "";
				DEFINES_MODULE = YES;
				DEVELOPMENT_TEAM = DCAPGXQPW4;
				DYLIB_COMPATIBILITY_VERSION = 1;
				DYLIB_CURRENT_VERSION = 1;
				DYLIB_INSTALL_NAME_BASE = "@rpath";
				INFOPLIST_FILE = HKKit/Info.plist;
				INSTALL_PATH = "$(LOCAL_LIBRARY_DIR)/Frameworks";
				IPHONEOS_DEPLOYMENT_TARGET = 9.0;
				LD_RUNPATH_SEARCH_PATHS = "$(inherited) @executable_path/Frameworks @loader_path/Frameworks";
				PRODUCT_BUNDLE_IDENTIFIER = com.HKKit;
				PRODUCT_NAME = "$(TARGET_NAME)";
				SKIP_INSTALL = YES;
				SWIFT_SWIFT3_OBJC_INFERENCE = On;
				SWIFT_VERSION = 4.0;
			};
			name = Release;
		};
/* End XCBuildConfiguration section */

/* Begin XCConfigurationList section */
		5667C9F11ED5829100F930AD /* Build configuration list for PBXNativeTarget "Example" */ = {
			isa = XCConfigurationList;
			buildConfigurations = (
				5667C9EF1ED5829100F930AD /* Debug */,
				5667C9F01ED5829100F930AD /* Release */,
			);
			defaultConfigurationIsVisible = 0;
			defaultConfigurationName = Release;
		};
		56B1FF2E1ED43D9B00779B57 /* Build configuration list for PBXAggregateTarget "PODSPEC" */ = {
			isa = XCConfigurationList;
			buildConfigurations = (
				56B1FF2F1ED43D9B00779B57 /* Debug */,
				56B1FF301ED43D9B00779B57 /* Release */,
			);
			defaultConfigurationIsVisible = 0;
			defaultConfigurationName = Release;
		};
		56EBA93B1ED06A3A00C743F7 /* Build configuration list for PBXProject "HKKit" */ = {
			isa = XCConfigurationList;
			buildConfigurations = (
				56EBA9471ED06A3A00C743F7 /* Debug */,
				56EBA9481ED06A3A00C743F7 /* Release */,
			);
			defaultConfigurationIsVisible = 0;
			defaultConfigurationName = Release;
		};
		56EBA9491ED06A3A00C743F7 /* Build configuration list for PBXNativeTarget "HKKit" */ = {
			isa = XCConfigurationList;
			buildConfigurations = (
				56EBA94A1ED06A3A00C743F7 /* Debug */,
				56EBA94B1ED06A3A00C743F7 /* Release */,
			);
			defaultConfigurationIsVisible = 0;
			defaultConfigurationName = Release;
		};
/* End XCConfigurationList section */
	};
	rootObject = 56EBA9381ED06A3A00C743F7 /* Project object */;
}
