PODS:
  - AFDateHelper (4.2.4)
  - Alamofire (4.5.1)
  - AlamofireImage (3.3.0):
    - Alamofire (~> 4.5)
  - Cartography (1.1.0)
  - DZNEmptyDataSet (1.8.1)
  - MagicalRecord (2.3.2):
    - MagicalRecord/Core (= 2.3.2)
  - MagicalRecord/Core (2.3.2)
  - SwiftyJSON (3.1.4)

DEPENDENCIES:
  - AFDateHelper
  - Alamofire
  - AlamofireImage
  - Cartography
  - DZNEmptyDataSet
  - MagicalRecord
  - SwiftyJSON

SPEC CHECKSUMS:
  AFDateHelper: fbbf706fc7ef3b12efb8c25493c8dc5b9d18f86a
  Alamofire: 2d95912bf4c34f164fdfc335872e8c312acaea4a
  AlamofireImage: 2e784dc5d00f04903a52c1d169181469c805c3df
  Cartography: 0538ccb4044acbbda2266335fc58cb4228794d90
  DZNEmptyDataSet: 9525833b9e68ac21c30253e1d3d7076cc828eaa7
  MagicalRecord: 53bed74b4323b930992a725be713e53b37d19755
  SwiftyJSON: c2842d878f95482ffceec5709abc3d05680c0220

PODFILE CHECKSUM: 64ecf5f03c88d1e3e38d93f031a8c4915a11f7c3

COCOAPODS: 1.2.1
